PODS:
  - Alamofire (4.4.0)
  - AppAuth (1.3.0):
    - AppAuth/Core (= 1.3.0)
    - AppAuth/ExternalUserAgent (= 1.3.0)
  - AppAuth/Core (1.3.0)
  - AppAuth/ExternalUserAgent (1.3.0)
  - Charts (3.4.0):
    - Charts/Core (= 3.4.0)
  - Charts/Core (3.4.0)
  - EAIntroView (2.12.0):
    - EARestrictedScrollView (~> 1.1.0)
  - EARestrictedScrollView (1.1.0)
  - FacebookCore (0.9.0):
    - FBSDKCoreKit (~> 5.0)
  - FBSDKCoreKit (5.15.1):
    - FBSDKCoreKit/Basics (= 5.15.1)
    - FBSDKCoreKit/Core (= 5.15.1)
  - FBSDKCoreKit/Basics (5.15.1)
  - FBSDKCoreKit/Core (5.15.1):
    - FBSDKCoreKit/Basics
  - FBSDKLoginKit (5.15.1):
    - FBSDKLoginKit/Login (= 5.15.1)
  - FBSDKLoginKit/Login (5.15.1):
    - FBSDKCoreKit (~> 5.0)
  - Firebase/Analytics (6.21.0):
    - Firebase/Core
  - Firebase/Core (6.21.0):
    - Firebase/CoreOnly
    - FirebaseAnalytics (= 6.4.0)
  - Firebase/CoreOnly (6.21.0):
    - FirebaseCore (= 6.6.5)
  - Firebase/Functions (6.21.0):
    - Firebase/CoreOnly
    - FirebaseFunctions (~> 2.5.1)
  - Firebase/Messaging (6.21.0):
    - Firebase/CoreOnly
    - FirebaseMessaging (~> 4.3.0)
  - Firebase/Storage (6.21.0):
    - Firebase/CoreOnly
    - FirebaseStorage (~> 3.6.0)
  - FirebaseAnalytics (6.4.0):
    - FirebaseCore (~> 6.6)
    - FirebaseInstallations (~> 1.1)
    - GoogleAppMeasurement (= 6.4.0)
    - GoogleUtilities/AppDelegateSwizzler (~> 6.0)
    - GoogleUtilities/MethodSwizzler (~> 6.0)
    - GoogleUtilities/Network (~> 6.0)
    - "GoogleUtilities/NSData+zlib (~> 6.0)"
    - nanopb (= 0.3.9011)
  - FirebaseAnalyticsInterop (1.5.0)
  - FirebaseAuthInterop (1.1.0)
  - FirebaseCore (6.6.5):
    - FirebaseCoreDiagnostics (~> 1.2)
    - FirebaseCoreDiagnosticsInterop (~> 1.2)
    - GoogleUtilities/Environment (~> 6.5)
    - GoogleUtilities/Logger (~> 6.5)
  - FirebaseCoreDiagnostics (1.2.2):
    - FirebaseCoreDiagnosticsInterop (~> 1.2)
    - GoogleDataTransportCCTSupport (~> 2.0)
    - GoogleUtilities/Environment (~> 6.5)
    - GoogleUtilities/Logger (~> 6.5)
    - nanopb (~> 0.3.901)
  - FirebaseCoreDiagnosticsInterop (1.2.0)
  - FirebaseDatabase (6.1.4):
    - FirebaseAuthInterop (~> 1.0)
    - FirebaseCore (~> 6.0)
    - leveldb-library (~> 1.22)
  - FirebaseFunctions (2.5.1):
    - FirebaseAuthInterop (~> 1.0)
    - FirebaseCore (~> 6.0)
    - GTMSessionFetcher/Core (~> 1.1)
  - FirebaseInstallations (1.1.1):
    - FirebaseCore (~> 6.6)
    - GoogleUtilities/UserDefaults (~> 6.5)
    - PromisesObjC (~> 1.2)
  - FirebaseInstanceID (4.3.2):
    - FirebaseCore (~> 6.6)
    - FirebaseInstallations (~> 1.0)
    - GoogleUtilities/Environment (~> 6.5)
    - GoogleUtilities/UserDefaults (~> 6.5)
  - FirebaseMessaging (4.3.0):
    - FirebaseAnalyticsInterop (~> 1.5)
    - FirebaseCore (~> 6.6)
    - FirebaseInstanceID (~> 4.3)
    - GoogleUtilities/AppDelegateSwizzler (~> 6.5)
    - GoogleUtilities/Environment (~> 6.5)
    - GoogleUtilities/Reachability (~> 6.5)
    - GoogleUtilities/UserDefaults (~> 6.5)
    - Protobuf (>= 3.9.2, ~> 3.9)
  - FirebaseStorage (3.6.0):
    - FirebaseAuthInterop (~> 1.1)
    - FirebaseCore (~> 6.6)
    - GTMSessionFetcher/Core (~> 1.1)
  - FirebaseUI/Storage (8.4.2):
    - Firebase/Storage (~> 6.0)
    - SDWebImage (~> 5.0)
  - GoogleAPIClientForREST/Core (1.2.1):
    - GTMSessionFetcher (>= 1.1.7)
  - GoogleAPIClientForREST/Drive (1.2.1):
    - GoogleAPIClientForREST/Core
    - GTMSessionFetcher (>= 1.1.7)
  - GoogleAppMeasurement (6.4.0):
    - GoogleUtilities/AppDelegateSwizzler (~> 6.0)
    - GoogleUtilities/MethodSwizzler (~> 6.0)
    - GoogleUtilities/Network (~> 6.0)
    - "GoogleUtilities/NSData+zlib (~> 6.0)"
    - nanopb (= 0.3.9011)
  - GoogleDataTransport (5.1.0)
  - GoogleDataTransportCCTSupport (2.0.1):
    - GoogleDataTransport (~> 5.1)
    - nanopb (~> 0.3.901)
  - GoogleSignIn (5.0.2):
    - AppAuth (~> 1.2)
    - GTMAppAuth (~> 1.0)
    - GTMSessionFetcher/Core (~> 1.1)
  - GoogleUtilities/AppDelegateSwizzler (6.5.2):
    - GoogleUtilities/Environment
    - GoogleUtilities/Logger
    - GoogleUtilities/Network
  - GoogleUtilities/Environment (6.5.2)
  - GoogleUtilities/Logger (6.5.2):
    - GoogleUtilities/Environment
  - GoogleUtilities/MethodSwizzler (6.5.2):
    - GoogleUtilities/Logger
  - GoogleUtilities/Network (6.5.2):
    - GoogleUtilities/Logger
    - "GoogleUtilities/NSData+zlib"
    - GoogleUtilities/Reachability
  - "GoogleUtilities/NSData+zlib (6.5.2)"
  - GoogleUtilities/Reachability (6.5.2):
    - GoogleUtilities/Logger
  - GoogleUtilities/UserDefaults (6.5.2):
    - GoogleUtilities/Logger
  - GTMAppAuth (1.0.0):
    - AppAuth/Core (~> 1.0)
    - GTMSessionFetcher (~> 1.1)
  - GTMSessionFetcher (1.3.1):
    - GTMSessionFetcher/Full (= 1.3.1)
  - GTMSessionFetcher/Core (1.3.1)
  - GTMSessionFetcher/Full (1.3.1):
    - GTMSessionFetcher/Core (= 1.3.1)
  - HydraAsync (2.0.2)
  - ImageViewer (6.0.0)
  - JSQMessagesViewController (7.3.5):
    - JSQSystemSoundPlayer (~> 2.0.1)
  - JSQSystemSoundPlayer (2.0.1)
  - leveldb-library (1.22)
  - MBCircularProgressBar (0.3.5)
  - nanopb (0.3.9011):
    - nanopb/decode (= 0.3.9011)
    - nanopb/encode (= 0.3.9011)
  - nanopb/decode (0.3.9011)
  - nanopb/encode (0.3.9011)
  - OneSignal (2.13.0)
  - PagingMenuController (2.2.0)
  - PromisesObjC (1.2.8)
  - Protobuf (3.11.4)
  - SDWebImage (5.6.1):
    - SDWebImage/Core (= 5.6.1)
  - SDWebImage/Core (5.6.1)
  - Stripe (19.0.1)
  - SwiftyJSON (4.0.0)
  - XLPagerTabStrip (9.0.0)

DEPENDENCIES:
  - Alamofire (= 4.4)
  - Charts
  - EAIntroView
  - FacebookCore
  - FBSDKLoginKit
  - Firebase/Analytics
  - Firebase/Core
  - Firebase/Functions
  - Firebase/Messaging
  - FirebaseDatabase
  - FirebaseStorage
  - FirebaseUI/Storage
  - GoogleAPIClientForREST/Drive (~> 1.2.1)
  - GoogleSignIn
  - GTMAppAuth
  - HydraAsync
  - ImageViewer
  - JSQMessagesViewController (from `https://github.com/Ariandr/JSQMessagesViewController.git`, branch `master`)
  - MBCircularProgressBar
  - OneSignal (< 3.0, >= 2.11.2)
  - PagingMenuController
  - SDWebImage
  - Stripe
  - SwiftyJSON (= 4.0)
  - XLPagerTabStrip

SPEC REPOS:
  trunk:
    - Alamofire
    - AppAuth
    - Charts
    - EAIntroView
    - EARestrictedScrollView
    - FacebookCore
    - FBSDKCoreKit
    - FBSDKLoginKit
    - Firebase
    - FirebaseAnalytics
    - FirebaseAnalyticsInterop
    - FirebaseAuthInterop
    - FirebaseCore
    - FirebaseCoreDiagnostics
    - FirebaseCoreDiagnosticsInterop
    - FirebaseDatabase
    - FirebaseFunctions
    - FirebaseInstallations
    - FirebaseInstanceID
    - FirebaseMessaging
    - FirebaseStorage
    - FirebaseUI
    - GoogleAPIClientForREST
    - GoogleAppMeasurement
    - GoogleDataTransport
    - GoogleDataTransportCCTSupport
    - GoogleSignIn
    - GoogleUtilities
    - GTMAppAuth
    - GTMSessionFetcher
    - HydraAsync
    - ImageViewer
    - JSQSystemSoundPlayer
    - leveldb-library
    - MBCircularProgressBar
    - nanopb
    - OneSignal
    - PagingMenuController
    - PromisesObjC
    - Protobuf
    - SDWebImage
    - Stripe
    - SwiftyJSON
    - XLPagerTabStrip

EXTERNAL SOURCES:
  JSQMessagesViewController:
    :branch: master
    :git: https://github.com/Ariandr/JSQMessagesViewController.git

CHECKOUT OPTIONS:
  JSQMessagesViewController:
    :commit: f75b9f9d4d9f0fd6318a8ca00393cd3117ed2497
    :git: https://github.com/Ariandr/JSQMessagesViewController.git

SPEC CHECKSUMS:
  Alamofire: dc44b1600b800eb63da6a19039a0083d62a6a62d
  AppAuth: 73574f3013a1e65b9601a3ddc8b3158cce68c09d
  Charts: 74c9f256eaf0460c0c416522d1cf8c634ea6b286
  EAIntroView: 249559079ddfdbe80e5bcb755c04c3b964b2ac27
  EARestrictedScrollView: b0c2a3f92fb2610bb44d71c5e4893777c89e45ef
  FacebookCore: ba86524b66cfa86d0f8e65d08faa8504a9f732dd
  FBSDKCoreKit: 1d5acf7c9d7a2f92bb1a242dc60cae5b7adb91df
  FBSDKLoginKit: f1ea8026a58b52d30c9f2e6a58ca7d813619fb83
  Firebase: f378c80340dd41c0ad0914af740c021eb282a04b
  FirebaseAnalytics: a1a0b3327ceb5cd5b4bacffdb293f6c909aa087d
  FirebaseAnalyticsInterop: 3f86269c38ae41f47afeb43ebf32a001f58fcdae
  FirebaseAuthInterop: a0f37ae05833af156e72028f648d313f7e7592e9
  FirebaseCore: 9f495d3afacb7b558711e6218ebb14b1c51b5802
  FirebaseCoreDiagnostics: e9b4cd8ba60dee0f2d13347332e4b7898cca5b61
  FirebaseCoreDiagnosticsInterop: 296e2c5f5314500a850ad0b83e9e7c10b011a850
  FirebaseDatabase: 0144e0706a4761f1b0e8679572eba8095ddb59be
  FirebaseFunctions: 5af7c35d1c5e41608fecbb667eb6c4e672e318d0
  FirebaseInstallations: acb3216eb9784d3b1d2d2d635ff74fa892cc0c44
  FirebaseInstanceID: 7ee0d6777013bb952f377b41965bf132b6a075be
  FirebaseMessaging: 4ec33842d36b3319e062e51fb8b35a74f726950d
  FirebaseStorage: b43ee271294227e1a3225544b073f3b49b427f46
  FirebaseUI: e57e9b9c4340631151fbe67a14206d23d0974f37
  GoogleAPIClientForREST: a8b95a252014ce2e618df6b75dc72eca2c00b4af
  GoogleAppMeasurement: 6e68a94d0eaeb1d73ef6b0ed4f7334e29d63ae29
  GoogleDataTransport: b29a21d813e906014ca16c00897827e40e4a24ab
  GoogleDataTransportCCTSupport: 6f15a89b0ca35d6fa523e1f752ef818588885988
  GoogleSignIn: 7137d297ddc022a7e0aa4619c86d72c909fa7213
  GoogleUtilities: ad0f3b691c67909d03a3327cc205222ab8f42e0e
  GTMAppAuth: 4deac854479704f348309e7b66189e604cf5e01e
  GTMSessionFetcher: cea130bbfe5a7edc8d06d3f0d17288c32ffe9925
  HydraAsync: 690b8c1c9dcde7ee1093cee363a6c1ce36b56a83
  ImageViewer: cb88ef1c0ba19161bc10702adfdcebc116a7a59d
  JSQMessagesViewController: f46d072fbc0d09a5268ab2a8a610db9a13ab35c5
  JSQSystemSoundPlayer: c5850e77a4363ffd374cd851154b9af93264ed8d
  leveldb-library: 55d93ee664b4007aac644a782d11da33fba316f7
  MBCircularProgressBar: 0b795b722a5eb5b0923822f90474e2576a1a7855
  nanopb: 18003b5e52dab79db540fe93fe9579f399bd1ccd
  OneSignal: 09c9fe1e7a097af5fda94e00c1598c3c945552b9
  PagingMenuController: 6176618987bb170096664f2da097313e45ed9c31
  PromisesObjC: c119f3cd559f50b7ae681fa59dc1acd19173b7e6
  Protobuf: 176220c526ad8bd09ab1fb40a978eac3fef665f7
  SDWebImage: 7edb9c3ea661e77a66661f7f044de8c1b55d1120
  Stripe: 03313f9520a0786e2c00d9a7a2672c11e08821af
  SwiftyJSON: 070dabdcb1beb81b247c65ffa3a79dbbfb3b48aa
  XLPagerTabStrip: 61c57fd61f611ee5f01ff1495ad6fbee8bf496c5

PODFILE CHECKSUM: 8891bf57f0c10e9a38173a389c0cba253467bf23

COCOAPODS: 1.9.1
