// !$*UTF8*$!
{
	archiveVersion = 1;
	classes = {
	};
	objectVersion = 51;
	objects = {

/* Begin PBXBuildFile section */
		81C6A8431AF3185E4817C3AE /* Pods_matchnessTests.framework in Frameworks */ = {isa = PBXBuildFile; fileRef = EE9CA3510AE57598FBBFB314 /* Pods_matchnessTests.framework */; };
		8405839122F4097D00FAB292 /* RegistCompViewController.swift in Sources */ = {isa = PBXBuildFile; fileRef = 8405839022F4097D00FAB292 /* RegistCompViewController.swift */; };
		8409E5FB23377623009BA908 /* PointHistoryViewController.swift in Sources */ = {isa = PBXBuildFile; fileRef = 8409E5FA23377623009BA908 /* PointHistoryViewController.swift */; };
		8409E5FD233778CE009BA908 /* PointHistoryModel.swift in Sources */ = {isa = PBXBuildFile; fileRef = 8409E5FC233778CE009BA908 /* PointHistoryModel.swift */; };
		8409E5FF233779B4009BA908 /* ApiPointHistory.swift in Sources */ = {isa = PBXBuildFile; fileRef = 8409E5FE233779B4009BA908 /* ApiPointHistory.swift */; };
		8409E60223377CE8009BA908 /* TextAreaTableViewCell.swift in Sources */ = {isa = PBXBuildFile; fileRef = 8409E60023377CE8009BA908 /* TextAreaTableViewCell.swift */; };
		8409E60323377CE8009BA908 /* TextAreaTableViewCell.xib in Resources */ = {isa = PBXBuildFile; fileRef = 8409E60123377CE8009BA908 /* TextAreaTableViewCell.xib */; };
		840FB6F123310C0D00F6F55F /* CahtRoomModel.swift in Sources */ = {isa = PBXBuildFile; fileRef = 840FB6F023310C0D00F6F55F /* CahtRoomModel.swift */; };
		842515EE2360AC6900BB6888 /* StripeKeyProvider.swift in Sources */ = {isa = PBXBuildFile; fileRef = 842515ED2360AC6900BB6888 /* StripeKeyProvider.swift */; };
		8432F2B022F09D6C00A60EC5 /* LaunchScreen.xib in Resources */ = {isa = PBXBuildFile; fileRef = 8432F2AF22F09D6C00A60EC5 /* LaunchScreen.xib */; };
		8432F2B222F0A2ED00A60EC5 /* SplashViewController.swift in Sources */ = {isa = PBXBuildFile; fileRef = 8432F2B122F0A2ED00A60EC5 /* SplashViewController.swift */; };
		8432F2B922F16AF200A60EC5 /* FBLoginViewController.swift in Sources */ = {isa = PBXBuildFile; fileRef = 8432F2B822F16AF200A60EC5 /* FBLoginViewController.swift */; };
		8432F2BB22F16B1100A60EC5 /* ProfileAddViewController.swift in Sources */ = {isa = PBXBuildFile; fileRef = 8432F2BA22F16B1100A60EC5 /* ProfileAddViewController.swift */; };
		843F203E22F6F85C008CBDDA /* UserDetailModel.swift in Sources */ = {isa = PBXBuildFile; fileRef = 843F203D22F6F85C008CBDDA /* UserDetailModel.swift */; };
		843F204222F8043F008CBDDA /* ProfileAddModel.swift in Sources */ = {isa = PBXBuildFile; fileRef = 843F204122F8043F008CBDDA /* ProfileAddModel.swift */; };
		8456F70A23530CEF00819DC0 /* ApiMessage.swift in Sources */ = {isa = PBXBuildFile; fileRef = 8456F70923530CEF00819DC0 /* ApiMessage.swift */; };
		8456F70C2353310B00819DC0 /* ApiUserInfo.swift in Sources */ = {isa = PBXBuildFile; fileRef = 8456F70B2353310B00819DC0 /* ApiUserInfo.swift */; };
		8456F7112354301A00819DC0 /* GroupChatTableViewCell.swift in Sources */ = {isa = PBXBuildFile; fileRef = 8456F70F2354301A00819DC0 /* GroupChatTableViewCell.swift */; };
		8456F7122354301A00819DC0 /* GroupChatTableViewCell.xib in Resources */ = {isa = PBXBuildFile; fileRef = 8456F7102354301A00819DC0 /* GroupChatTableViewCell.xib */; };
		845956A822FBF75000B79278 /* ProfileEditViewController.swift in Sources */ = {isa = PBXBuildFile; fileRef = 845956A722FBF75000B79278 /* ProfileEditViewController.swift */; };
		845956AB22FC71F300B79278 /* ProfileEditTableViewCell.swift in Sources */ = {isa = PBXBuildFile; fileRef = 845956A922FC71F300B79278 /* ProfileEditTableViewCell.swift */; };
		845956AC22FC71F300B79278 /* ProfileEditTableViewCell.xib in Resources */ = {isa = PBXBuildFile; fileRef = 845956AA22FC71F300B79278 /* ProfileEditTableViewCell.xib */; };
		845956AE2303E52800B79278 /* ProfileEditModel.swift in Sources */ = {isa = PBXBuildFile; fileRef = 845956AD2303E52800B79278 /* ProfileEditModel.swift */; };
		847398A5234224EC00D28135 /* ProfilImageTableViewCell.swift in Sources */ = {isa = PBXBuildFile; fileRef = 847398A3234224EC00D28135 /* ProfilImageTableViewCell.swift */; };
		847398A6234224EC00D28135 /* ProfilImageTableViewCell.xib in Resources */ = {isa = PBXBuildFile; fileRef = 847398A4234224EC00D28135 /* ProfilImageTableViewCell.xib */; };
		847398AA2346764F00D28135 /* GradationView.swift in Sources */ = {isa = PBXBuildFile; fileRef = 847398A92346764E00D28135 /* GradationView.swift */; };
		848A32C5230AA57900144950 /* MultipleModel.swift in Sources */ = {isa = PBXBuildFile; fileRef = 848A32C4230AA57900144950 /* MultipleModel.swift */; };
		848A32CC230AF96700144950 /* UserDetailInfoTableViewCell.xib in Resources */ = {isa = PBXBuildFile; fileRef = 848A32CA230AF96600144950 /* UserDetailInfoTableViewCell.xib */; };
		848A32CD230AF96700144950 /* UserDetailInfoTableViewCell.swift in Sources */ = {isa = PBXBuildFile; fileRef = 848A32CB230AF96600144950 /* UserDetailInfoTableViewCell.swift */; };
		848A32CF230D73D600144950 /* GroupModel.swift in Sources */ = {isa = PBXBuildFile; fileRef = 848A32CE230D73D600144950 /* GroupModel.swift */; };
		848A32D7230DA7A300144950 /* MyDataModel.swift in Sources */ = {isa = PBXBuildFile; fileRef = 848A32D6230DA7A300144950 /* MyDataModel.swift */; };
		848A3315231504E200144950 /* GroupEventAddModel.swift in Sources */ = {isa = PBXBuildFile; fileRef = 848A3314231504E200144950 /* GroupEventAddModel.swift */; };
		848A33172319F81E00144950 /* MyDateStepModel.swift in Sources */ = {isa = PBXBuildFile; fileRef = 848A33162319F81D00144950 /* MyDateStepModel.swift */; };
		848A33192319F91000144950 /* PointChangeModel.swift in Sources */ = {isa = PBXBuildFile; fileRef = 848A33182319F91000144950 /* PointChangeModel.swift */; };
		848A3322231A8B9D00144950 /* SettingEditTableViewCell.swift in Sources */ = {isa = PBXBuildFile; fileRef = 848A331E231A8B9C00144950 /* SettingEditTableViewCell.swift */; };
		848A3323231A8B9D00144950 /* SettingEditTableViewCell.xib in Resources */ = {isa = PBXBuildFile; fileRef = 848A331F231A8B9C00144950 /* SettingEditTableViewCell.xib */; };
		848A3324231A8B9D00144950 /* SettingEditModel.swift in Sources */ = {isa = PBXBuildFile; fileRef = 848A3320231A8B9C00144950 /* SettingEditModel.swift */; };
		848A3325231A8B9D00144950 /* SettingEditViewController.swift in Sources */ = {isa = PBXBuildFile; fileRef = 848A3321231A8B9D00144950 /* SettingEditViewController.swift */; };
		848A332C231BA37600144950 /* TextFiledTableViewCell.swift in Sources */ = {isa = PBXBuildFile; fileRef = 848A332A231BA37600144950 /* TextFiledTableViewCell.swift */; };
		848A332D231BA37600144950 /* TextFiledTableViewCell.xib in Resources */ = {isa = PBXBuildFile; fileRef = 848A332B231BA37600144950 /* TextFiledTableViewCell.xib */; };
		848A3330231BCA4000144950 /* TodayStep.swift in Sources */ = {isa = PBXBuildFile; fileRef = 848A332F231BCA4000144950 /* TodayStep.swift */; };
		848A3332231D542300144950 /* GroupEventModel.swift in Sources */ = {isa = PBXBuildFile; fileRef = 848A3331231D542300144950 /* GroupEventModel.swift */; };
		848A333823216B1200144950 /* PreferredGroupListModel.swift in Sources */ = {isa = PBXBuildFile; fileRef = 848A333723216B1100144950 /* PreferredGroupListModel.swift */; };
		848A333B2325E86A00144950 /* MessageModel.swift in Sources */ = {isa = PBXBuildFile; fileRef = 848A33392325E86800144950 /* MessageModel.swift */; };
		848A333C2325E86A00144950 /* CahtFirstModel.swift in Sources */ = {isa = PBXBuildFile; fileRef = 848A333A2325E86900144950 /* CahtFirstModel.swift */; };
		849E34B52355A2840062E928 /* FBSDKCoreKit.framework in Frameworks */ = {isa = PBXBuildFile; fileRef = 849E34B12355A2840062E928 /* FBSDKCoreKit.framework */; };
		849E34B62355A2840062E928 /* Bolts.framework in Frameworks */ = {isa = PBXBuildFile; fileRef = 849E34B22355A2840062E928 /* Bolts.framework */; };
		849E34B72355A2840062E928 /* FBSDKLoginKit.framework in Frameworks */ = {isa = PBXBuildFile; fileRef = 849E34B32355A2840062E928 /* FBSDKLoginKit.framework */; };
		849E34BB2355A39A0062E928 /* ApiGroupEvent.swift in Sources */ = {isa = PBXBuildFile; fileRef = 849E34BA2355A3990062E928 /* ApiGroupEvent.swift */; };
		849E34BD23593C900062E928 /* SearchTableViewController.swift in Sources */ = {isa = PBXBuildFile; fileRef = 849E34BC23593C900062E928 /* SearchTableViewController.swift */; };
		84C79C52236AB2F8000B6648 /* PaymentViewController.swift in Sources */ = {isa = PBXBuildFile; fileRef = 84C79C51236AB2F8000B6648 /* PaymentViewController.swift */; };
		84C79C5D236AB9B5000B6648 /* ReportTextTableViewCellTableViewCell.xib in Resources */ = {isa = PBXBuildFile; fileRef = 84C79C56236AB9B4000B6648 /* ReportTextTableViewCellTableViewCell.xib */; };
		84C79C5E236AB9B5000B6648 /* ReportModel.swift in Sources */ = {isa = PBXBuildFile; fileRef = 84C79C57236AB9B4000B6648 /* ReportModel.swift */; };
		84C79C5F236AB9B5000B6648 /* ReportTextTableViewCell.swift in Sources */ = {isa = PBXBuildFile; fileRef = 84C79C58236AB9B4000B6648 /* ReportTextTableViewCell.swift */; };
		84C79C60236AB9B5000B6648 /* ButtonTableViewCell.swift in Sources */ = {isa = PBXBuildFile; fileRef = 84C79C59236AB9B4000B6648 /* ButtonTableViewCell.swift */; };
		84C79C61236AB9B5000B6648 /* ReportTextTableViewCellTableViewCell.swift in Sources */ = {isa = PBXBuildFile; fileRef = 84C79C5A236AB9B4000B6648 /* ReportTextTableViewCellTableViewCell.swift */; };
		84C79C62236AB9B5000B6648 /* ReportViewController.swift in Sources */ = {isa = PBXBuildFile; fileRef = 84C79C5B236AB9B4000B6648 /* ReportViewController.swift */; };
		84C79C63236AB9B5000B6648 /* ButtonTableViewCell.xib in Resources */ = {isa = PBXBuildFile; fileRef = 84C79C5C236AB9B4000B6648 /* ButtonTableViewCell.xib */; };
		B40A33FE232A5AD700583CCC /* ApiConfig.swift in Sources */ = {isa = PBXBuildFile; fileRef = B40A33EB232A5AD500583CCC /* ApiConfig.swift */; };
		B40A33FF232A5AD700583CCC /* ApiGroupList.swift in Sources */ = {isa = PBXBuildFile; fileRef = B40A33EC232A5AD500583CCC /* ApiGroupList.swift */; };
		B40A3400232A5AD700583CCC /* ApiRequest.swift in Sources */ = {isa = PBXBuildFile; fileRef = B40A33ED232A5AD500583CCC /* ApiRequest.swift */; };
		B40A3401232A5AD700583CCC /* ApiMessageList.swift in Sources */ = {isa = PBXBuildFile; fileRef = B40A33EE232A5AD500583CCC /* ApiMessageList.swift */; };
		B40A3402232A5AD700583CCC /* ApiGroupRequestList.swift in Sources */ = {isa = PBXBuildFile; fileRef = B40A33EF232A5AD500583CCC /* ApiGroupRequestList.swift */; };
		B40A3403232A5AD700583CCC /* ApiMultipleUser.swift in Sources */ = {isa = PBXBuildFile; fileRef = B40A33F0232A5AD500583CCC /* ApiMultipleUser.swift */; };
		B40A3404232A5AD700583CCC /* ApiUserDetailDate.swift in Sources */ = {isa = PBXBuildFile; fileRef = B40A33F1232A5AD500583CCC /* ApiUserDetailDate.swift */; };
		B40A3405232A5AD700583CCC /* ApiUserDateParam.swift in Sources */ = {isa = PBXBuildFile; fileRef = B40A33F2232A5AD500583CCC /* ApiUserDateParam.swift */; };
		B40A3406232A5AD700583CCC /* ApiChatRoom.swift in Sources */ = {isa = PBXBuildFile; fileRef = B40A33F3232A5AD500583CCC /* ApiChatRoom.swift */; };
		B40A3407232A5AD700583CCC /* ApiUserSearchData.swift in Sources */ = {isa = PBXBuildFile; fileRef = B40A33F4232A5AD500583CCC /* ApiUserSearchData.swift */; };
		B40A3408232A5AD700583CCC /* ApiChangePoint.swift in Sources */ = {isa = PBXBuildFile; fileRef = B40A33F5232A5AD600583CCC /* ApiChangePoint.swift */; };
		B40A3409232A5AD700583CCC /* ApiGroupEventList.swift in Sources */ = {isa = PBXBuildFile; fileRef = B40A33F6232A5AD600583CCC /* ApiGroupEventList.swift */; };
		B40A340A232A5AD700583CCC /* ApiNoticeList.swift in Sources */ = {isa = PBXBuildFile; fileRef = B40A33F7232A5AD600583CCC /* ApiNoticeList.swift */; };
		B40A340B232A5AD700583CCC /* ApiProfileData.swift in Sources */ = {isa = PBXBuildFile; fileRef = B40A33F8232A5AD600583CCC /* ApiProfileData.swift */; };
		B40A340C232A5AD700583CCC /* ApiGroupChat.swift in Sources */ = {isa = PBXBuildFile; fileRef = B40A33F9232A5AD600583CCC /* ApiGroupChat.swift */; };
		B40A340D232A5AD700583CCC /* ApiRequestCondition.swift in Sources */ = {isa = PBXBuildFile; fileRef = B40A33FA232A5AD600583CCC /* ApiRequestCondition.swift */; };
		B40A340E232A5AD700583CCC /* ApiMatcheList.swift in Sources */ = {isa = PBXBuildFile; fileRef = B40A33FB232A5AD600583CCC /* ApiMatcheList.swift */; };
		B40A340F232A5AD700583CCC /* ApiUserDate.swift in Sources */ = {isa = PBXBuildFile; fileRef = B40A33FC232A5AD600583CCC /* ApiUserDate.swift */; };
		B40A3410232A5AD700583CCC /* ApiMyData.swift in Sources */ = {isa = PBXBuildFile; fileRef = B40A33FD232A5AD600583CCC /* ApiMyData.swift */; };
		B45677112330DC6300E0E9B7 /* NoticeModel.swift in Sources */ = {isa = PBXBuildFile; fileRef = B456770F2330DC6300E0E9B7 /* NoticeModel.swift */; };
		B45677122330DC6300E0E9B7 /* NoticeViewController.swift in Sources */ = {isa = PBXBuildFile; fileRef = B45677102330DC6300E0E9B7 /* NoticeViewController.swift */; };
		B45677162330DC9D00E0E9B7 /* GroupChatModel.swift in Sources */ = {isa = PBXBuildFile; fileRef = B45677142330DC9D00E0E9B7 /* GroupChatModel.swift */; };
		B45677172330DC9D00E0E9B7 /* GroupChatViewController.swift in Sources */ = {isa = PBXBuildFile; fileRef = B45677152330DC9D00E0E9B7 /* GroupChatViewController.swift */; };
		B495CBFF23339BCF006A029C /* NotDataTableViewCell.swift in Sources */ = {isa = PBXBuildFile; fileRef = B495CBFD23339BCE006A029C /* NotDataTableViewCell.swift */; };
		B495CC0023339BCF006A029C /* NotDataTableViewCell.xib in Resources */ = {isa = PBXBuildFile; fileRef = B495CBFE23339BCF006A029C /* NotDataTableViewCell.xib */; };
		B49CCD9522D592AD00F793F1 /* UserSearchModel.swift in Sources */ = {isa = PBXBuildFile; fileRef = B49CCD9422D592AD00F793F1 /* UserSearchModel.swift */; };
		B4D1ECF52330EB07008760A2 /* NoticeDitailModel.swift in Sources */ = {isa = PBXBuildFile; fileRef = B4D1ECF32330EB07008760A2 /* NoticeDitailModel.swift */; };
		B4D1ECF62330EB07008760A2 /* NoticeDitailViewController.swift in Sources */ = {isa = PBXBuildFile; fileRef = B4D1ECF42330EB07008760A2 /* NoticeDitailViewController.swift */; };
		CE05740F22A3AD9F0082182F /* GroupViewController.swift in Sources */ = {isa = PBXBuildFile; fileRef = CE05740E22A3AD9F0082182F /* GroupViewController.swift */; };
		CE05741122A3ADF50082182F /* PageViewController.swift in Sources */ = {isa = PBXBuildFile; fileRef = CE05741022A3ADF50082182F /* PageViewController.swift */; };
		CE05741522A3BA960082182F /* CahtFirstViewController.swift in Sources */ = {isa = PBXBuildFile; fileRef = CE05741422A3BA960082182F /* CahtFirstViewController.swift */; };
		CE05741722A3BB030082182F /* CahtSecondViewController.swift in Sources */ = {isa = PBXBuildFile; fileRef = CE05741622A3BB030082182F /* CahtSecondViewController.swift */; };
		CE05741B22A4391F0082182F /* EndGroupViewController.swift in Sources */ = {isa = PBXBuildFile; fileRef = CE05741A22A4391F0082182F /* EndGroupViewController.swift */; };
		CE05741D22A439330082182F /* JoinGroupViewController.swift in Sources */ = {isa = PBXBuildFile; fileRef = CE05741C22A439330082182F /* JoinGroupViewController.swift */; };
		CE05741F22A439420082182F /* WaitGroupViewController.swift in Sources */ = {isa = PBXBuildFile; fileRef = CE05741E22A439420082182F /* WaitGroupViewController.swift */; };
		CE05742122A5E9350082182F /* ChatViewController.swift in Sources */ = {isa = PBXBuildFile; fileRef = CE05742022A5E9350082182F /* ChatViewController.swift */; };
		CE05742422A6CF3E0082182F /* UserSearchCollectionViewCell.swift in Sources */ = {isa = PBXBuildFile; fileRef = CE05742222A6CF3E0082182F /* UserSearchCollectionViewCell.swift */; };
		CE05742522A6CF3E0082182F /* UserSearchCollectionViewCell.xib in Resources */ = {isa = PBXBuildFile; fileRef = CE05742322A6CF3E0082182F /* UserSearchCollectionViewCell.xib */; };
		CE05742822A8EB0C0082182F /* GroupTableViewCell.swift in Sources */ = {isa = PBXBuildFile; fileRef = CE05742622A8EB0C0082182F /* GroupTableViewCell.swift */; };
		CE05742922A8EB0C0082182F /* GroupTableViewCell.xib in Resources */ = {isa = PBXBuildFile; fileRef = CE05742722A8EB0C0082182F /* GroupTableViewCell.xib */; };
		CE05743022AA3A3A0082182F /* ChatTableViewCell.swift in Sources */ = {isa = PBXBuildFile; fileRef = CE05742E22AA3A3A0082182F /* ChatTableViewCell.swift */; };
		CE05743122AA3A3A0082182F /* ChatTableViewCell.xib in Resources */ = {isa = PBXBuildFile; fileRef = CE05742F22AA3A3A0082182F /* ChatTableViewCell.xib */; };
		CE05743322AB547C0082182F /* CustomNavigationBar.swift in Sources */ = {isa = PBXBuildFile; fileRef = CE05743222AB547B0082182F /* CustomNavigationBar.swift */; };
		CE05743622AB6F7E0082182F /* UserDetailTableViewCell.swift in Sources */ = {isa = PBXBuildFile; fileRef = CE05743422AB6F7E0082182F /* UserDetailTableViewCell.swift */; };
		CE05743722AB6F7E0082182F /* UserDetailTableViewCell.xib in Resources */ = {isa = PBXBuildFile; fileRef = CE05743522AB6F7E0082182F /* UserDetailTableViewCell.xib */; };
		CE0F9EEC22DE348900D320F5 /* MultipleViewController.swift in Sources */ = {isa = PBXBuildFile; fileRef = CE0F9EEB22DE348900D320F5 /* MultipleViewController.swift */; };
		CE0F9EEF22DE34D500D320F5 /* MultipleTableViewCell.swift in Sources */ = {isa = PBXBuildFile; fileRef = CE0F9EED22DE34D500D320F5 /* MultipleTableViewCell.swift */; };
		CE0F9EF022DE34D500D320F5 /* MultipleTableViewCell.xib in Resources */ = {isa = PBXBuildFile; fileRef = CE0F9EEE22DE34D500D320F5 /* MultipleTableViewCell.xib */; };
		CE0F9EF222DEFAD000D320F5 /* GroupEventAddViewController.swift in Sources */ = {isa = PBXBuildFile; fileRef = CE0F9EF122DEFAD000D320F5 /* GroupEventAddViewController.swift */; };
		CE0F9EF422E0529F00D320F5 /* PointChangeViewController.swift in Sources */ = {isa = PBXBuildFile; fileRef = CE0F9EF322E0529F00D320F5 /* PointChangeViewController.swift */; };
		CE0F9EF622E590BF00D320F5 /* PreferredGroupListViewController.swift in Sources */ = {isa = PBXBuildFile; fileRef = CE0F9EF522E590BF00D320F5 /* PreferredGroupListViewController.swift */; };
		CE1D51E622C4990A0093DC58 /* MyDateStepViewController.swift in Sources */ = {isa = PBXBuildFile; fileRef = CE1D51E522C4990A0093DC58 /* MyDateStepViewController.swift */; };
		CE1D51F522CE40C30093DC58 /* GoogleService-Info.plist in Resources */ = {isa = PBXBuildFile; fileRef = CE1D51F422CE40C30093DC58 /* GoogleService-Info.plist */; };
		CE1D51F722D0158B0093DC58 /* testViewController.swift in Sources */ = {isa = PBXBuildFile; fileRef = CE1D51F622D0158B0093DC58 /* testViewController.swift */; };
		CE1D51F922D015D10093DC58 /* MessageViewController.swift in Sources */ = {isa = PBXBuildFile; fileRef = CE1D51F822D015D10093DC58 /* MessageViewController.swift */; };
		CE4B0985220942DE00F8A430 /* AppDelegate.swift in Sources */ = {isa = PBXBuildFile; fileRef = CE4B0984220942DE00F8A430 /* AppDelegate.swift */; };
		CE4B0987220942DE00F8A430 /* ViewController.swift in Sources */ = {isa = PBXBuildFile; fileRef = CE4B0986220942DE00F8A430 /* ViewController.swift */; };
		CE4B098A220942DE00F8A430 /* Main.storyboard in Resources */ = {isa = PBXBuildFile; fileRef = CE4B0988220942DE00F8A430 /* Main.storyboard */; };
		CE4B098C220942E100F8A430 /* Assets.xcassets in Resources */ = {isa = PBXBuildFile; fileRef = CE4B098B220942E100F8A430 /* Assets.xcassets */; };
		CE4B098F220942E100F8A430 /* LaunchScreen.storyboard in Resources */ = {isa = PBXBuildFile; fileRef = CE4B098D220942E100F8A430 /* LaunchScreen.storyboard */; };
		CE4B099A220942E100F8A430 /* matchnessTests.swift in Sources */ = {isa = PBXBuildFile; fileRef = CE4B0999220942E100F8A430 /* matchnessTests.swift */; };
		CE4B09A5220942E100F8A430 /* matchnessUITests.swift in Sources */ = {isa = PBXBuildFile; fileRef = CE4B09A4220942E100F8A430 /* matchnessUITests.swift */; };
		CE4B09B72209499A00F8A430 /* UserSearchViewController.swift in Sources */ = {isa = PBXBuildFile; fileRef = CE4B09B62209499A00F8A430 /* UserSearchViewController.swift */; };
		CE4B09BF2209D2A000F8A430 /* MyDataViewController.swift in Sources */ = {isa = PBXBuildFile; fileRef = CE4B09BE2209D2A000F8A430 /* MyDataViewController.swift */; };
		CE4B09C12209D2EA00F8A430 /* UserDetailViewController.swift in Sources */ = {isa = PBXBuildFile; fileRef = CE4B09C02209D2EA00F8A430 /* UserDetailViewController.swift */; };
		CEAF954A22BDEB7400F37A6E /* GroupEventCollectionViewCell.swift in Sources */ = {isa = PBXBuildFile; fileRef = CEAF954822BDEB7400F37A6E /* GroupEventCollectionViewCell.swift */; };
		CEAF954B22BDEB7400F37A6E /* GroupEventCollectionViewCell.xib in Resources */ = {isa = PBXBuildFile; fileRef = CEAF954922BDEB7400F37A6E /* GroupEventCollectionViewCell.xib */; };
		CEAF954D22BDF33600F37A6E /* GroupEventViewController.swift in Sources */ = {isa = PBXBuildFile; fileRef = CEAF954C22BDF33600F37A6E /* GroupEventViewController.swift */; };
		E36DE9FCB8A00A774016F774 /* Pods_matchnessUITests.framework in Frameworks */ = {isa = PBXBuildFile; fileRef = CFC97E77BD56B94179B87F49 /* Pods_matchnessUITests.framework */; };
		F5ED2E68F602F60024B65444 /* Pods_matchness.framework in Frameworks */ = {isa = PBXBuildFile; fileRef = 946D3AF11F4FBEBAFE993661 /* Pods_matchness.framework */; };
/* End PBXBuildFile section */

/* Begin PBXContainerItemProxy section */
		CE4B0996220942E100F8A430 /* PBXContainerItemProxy */ = {
			isa = PBXContainerItemProxy;
			containerPortal = CE4B0979220942DE00F8A430 /* Project object */;
			proxyType = 1;
			remoteGlobalIDString = CE4B0980220942DE00F8A430;
			remoteInfo = matchness;
		};
		CE4B09A1220942E100F8A430 /* PBXContainerItemProxy */ = {
			isa = PBXContainerItemProxy;
			containerPortal = CE4B0979220942DE00F8A430 /* Project object */;
			proxyType = 1;
			remoteGlobalIDString = CE4B0980220942DE00F8A430;
			remoteInfo = matchness;
		};
/* End PBXContainerItemProxy section */

/* Begin PBXFileReference section */
		17B0CBC822090074B01DDA4F /* Pods-matchness.release.xcconfig */ = {isa = PBXFileReference; includeInIndex = 1; lastKnownFileType = text.xcconfig; name = "Pods-matchness.release.xcconfig"; path = "Target Support Files/Pods-matchness/Pods-matchness.release.xcconfig"; sourceTree = "<group>"; };
		5C5B5093E137E02D7BFA9506 /* Pods-matchness.debug.xcconfig */ = {isa = PBXFileReference; includeInIndex = 1; lastKnownFileType = text.xcconfig; name = "Pods-matchness.debug.xcconfig"; path = "Target Support Files/Pods-matchness/Pods-matchness.debug.xcconfig"; sourceTree = "<group>"; };
		620A40633C210A8E30559B8B /* Pods-matchnessUITests.release.xcconfig */ = {isa = PBXFileReference; includeInIndex = 1; lastKnownFileType = text.xcconfig; name = "Pods-matchnessUITests.release.xcconfig"; path = "Target Support Files/Pods-matchnessUITests/Pods-matchnessUITests.release.xcconfig"; sourceTree = "<group>"; };
		8405839022F4097D00FAB292 /* RegistCompViewController.swift */ = {isa = PBXFileReference; lastKnownFileType = sourcecode.swift; path = RegistCompViewController.swift; sourceTree = "<group>"; };
		8409E5FA23377623009BA908 /* PointHistoryViewController.swift */ = {isa = PBXFileReference; lastKnownFileType = sourcecode.swift; path = PointHistoryViewController.swift; sourceTree = "<group>"; };
		8409E5FC233778CE009BA908 /* PointHistoryModel.swift */ = {isa = PBXFileReference; fileEncoding = 4; lastKnownFileType = sourcecode.swift; path = PointHistoryModel.swift; sourceTree = "<group>"; };
		8409E5FE233779B4009BA908 /* ApiPointHistory.swift */ = {isa = PBXFileReference; fileEncoding = 4; lastKnownFileType = sourcecode.swift; name = ApiPointHistory.swift; path = matchness/API/ApiPointHistory.swift; sourceTree = "<group>"; };
		8409E60023377CE8009BA908 /* TextAreaTableViewCell.swift */ = {isa = PBXFileReference; lastKnownFileType = sourcecode.swift; path = TextAreaTableViewCell.swift; sourceTree = "<group>"; };
		8409E60123377CE8009BA908 /* TextAreaTableViewCell.xib */ = {isa = PBXFileReference; lastKnownFileType = file.xib; path = TextAreaTableViewCell.xib; sourceTree = "<group>"; };
		840FB6F023310C0D00F6F55F /* CahtRoomModel.swift */ = {isa = PBXFileReference; fileEncoding = 4; lastKnownFileType = sourcecode.swift; path = CahtRoomModel.swift; sourceTree = "<group>"; };
		842515ED2360AC6900BB6888 /* StripeKeyProvider.swift */ = {isa = PBXFileReference; lastKnownFileType = sourcecode.swift; path = StripeKeyProvider.swift; sourceTree = "<group>"; };
		8432F2AF22F09D6C00A60EC5 /* LaunchScreen.xib */ = {isa = PBXFileReference; lastKnownFileType = file.xib; path = LaunchScreen.xib; sourceTree = "<group>"; };
		8432F2B122F0A2ED00A60EC5 /* SplashViewController.swift */ = {isa = PBXFileReference; lastKnownFileType = sourcecode.swift; path = SplashViewController.swift; sourceTree = "<group>"; };
		8432F2B822F16AF200A60EC5 /* FBLoginViewController.swift */ = {isa = PBXFileReference; lastKnownFileType = sourcecode.swift; path = FBLoginViewController.swift; sourceTree = "<group>"; };
		8432F2BA22F16B1100A60EC5 /* ProfileAddViewController.swift */ = {isa = PBXFileReference; lastKnownFileType = sourcecode.swift; path = ProfileAddViewController.swift; sourceTree = "<group>"; };
		843F203D22F6F85C008CBDDA /* UserDetailModel.swift */ = {isa = PBXFileReference; fileEncoding = 4; lastKnownFileType = sourcecode.swift; path = UserDetailModel.swift; sourceTree = "<group>"; };
		843F204122F8043F008CBDDA /* ProfileAddModel.swift */ = {isa = PBXFileReference; fileEncoding = 4; lastKnownFileType = sourcecode.swift; path = ProfileAddModel.swift; sourceTree = "<group>"; };
		8456F70923530CEF00819DC0 /* ApiMessage.swift */ = {isa = PBXFileReference; fileEncoding = 4; lastKnownFileType = sourcecode.swift; name = ApiMessage.swift; path = matchness/API/ApiMessage.swift; sourceTree = "<group>"; };
		8456F70B2353310B00819DC0 /* ApiUserInfo.swift */ = {isa = PBXFileReference; fileEncoding = 4; lastKnownFileType = sourcecode.swift; name = ApiUserInfo.swift; path = matchness/API/ApiUserInfo.swift; sourceTree = "<group>"; };
		8456F70F2354301A00819DC0 /* GroupChatTableViewCell.swift */ = {isa = PBXFileReference; lastKnownFileType = sourcecode.swift; path = GroupChatTableViewCell.swift; sourceTree = "<group>"; };
		8456F7102354301A00819DC0 /* GroupChatTableViewCell.xib */ = {isa = PBXFileReference; lastKnownFileType = file.xib; path = GroupChatTableViewCell.xib; sourceTree = "<group>"; };
		845956A722FBF75000B79278 /* ProfileEditViewController.swift */ = {isa = PBXFileReference; lastKnownFileType = sourcecode.swift; path = ProfileEditViewController.swift; sourceTree = "<group>"; };
		845956A922FC71F300B79278 /* ProfileEditTableViewCell.swift */ = {isa = PBXFileReference; lastKnownFileType = sourcecode.swift; path = ProfileEditTableViewCell.swift; sourceTree = "<group>"; };
		845956AA22FC71F300B79278 /* ProfileEditTableViewCell.xib */ = {isa = PBXFileReference; lastKnownFileType = file.xib; path = ProfileEditTableViewCell.xib; sourceTree = "<group>"; };
		845956AD2303E52800B79278 /* ProfileEditModel.swift */ = {isa = PBXFileReference; fileEncoding = 4; lastKnownFileType = sourcecode.swift; path = ProfileEditModel.swift; sourceTree = "<group>"; };
		847398A3234224EC00D28135 /* ProfilImageTableViewCell.swift */ = {isa = PBXFileReference; lastKnownFileType = sourcecode.swift; path = ProfilImageTableViewCell.swift; sourceTree = "<group>"; };
		847398A4234224EC00D28135 /* ProfilImageTableViewCell.xib */ = {isa = PBXFileReference; lastKnownFileType = file.xib; path = ProfilImageTableViewCell.xib; sourceTree = "<group>"; };
		847398A92346764E00D28135 /* GradationView.swift */ = {isa = PBXFileReference; lastKnownFileType = sourcecode.swift; path = GradationView.swift; sourceTree = "<group>"; };
		848A32C4230AA57900144950 /* MultipleModel.swift */ = {isa = PBXFileReference; fileEncoding = 4; lastKnownFileType = sourcecode.swift; path = MultipleModel.swift; sourceTree = "<group>"; };
		848A32CA230AF96600144950 /* UserDetailInfoTableViewCell.xib */ = {isa = PBXFileReference; fileEncoding = 4; lastKnownFileType = file.xib; path = UserDetailInfoTableViewCell.xib; sourceTree = "<group>"; };
		848A32CB230AF96600144950 /* UserDetailInfoTableViewCell.swift */ = {isa = PBXFileReference; fileEncoding = 4; lastKnownFileType = sourcecode.swift; path = UserDetailInfoTableViewCell.swift; sourceTree = "<group>"; };
		848A32CE230D73D600144950 /* GroupModel.swift */ = {isa = PBXFileReference; fileEncoding = 4; lastKnownFileType = sourcecode.swift; path = GroupModel.swift; sourceTree = "<group>"; };
		848A32D6230DA7A300144950 /* MyDataModel.swift */ = {isa = PBXFileReference; fileEncoding = 4; lastKnownFileType = sourcecode.swift; path = MyDataModel.swift; sourceTree = "<group>"; };
		848A3314231504E200144950 /* GroupEventAddModel.swift */ = {isa = PBXFileReference; fileEncoding = 4; lastKnownFileType = sourcecode.swift; path = GroupEventAddModel.swift; sourceTree = "<group>"; };
		848A33162319F81D00144950 /* MyDateStepModel.swift */ = {isa = PBXFileReference; fileEncoding = 4; lastKnownFileType = sourcecode.swift; path = MyDateStepModel.swift; sourceTree = "<group>"; };
		848A33182319F91000144950 /* PointChangeModel.swift */ = {isa = PBXFileReference; fileEncoding = 4; lastKnownFileType = sourcecode.swift; path = PointChangeModel.swift; sourceTree = "<group>"; };
		848A331E231A8B9C00144950 /* SettingEditTableViewCell.swift */ = {isa = PBXFileReference; fileEncoding = 4; lastKnownFileType = sourcecode.swift; path = SettingEditTableViewCell.swift; sourceTree = "<group>"; };
		848A331F231A8B9C00144950 /* SettingEditTableViewCell.xib */ = {isa = PBXFileReference; fileEncoding = 4; lastKnownFileType = file.xib; path = SettingEditTableViewCell.xib; sourceTree = "<group>"; };
		848A3320231A8B9C00144950 /* SettingEditModel.swift */ = {isa = PBXFileReference; fileEncoding = 4; lastKnownFileType = sourcecode.swift; path = SettingEditModel.swift; sourceTree = "<group>"; };
		848A3321231A8B9D00144950 /* SettingEditViewController.swift */ = {isa = PBXFileReference; fileEncoding = 4; lastKnownFileType = sourcecode.swift; path = SettingEditViewController.swift; sourceTree = "<group>"; };
		848A332A231BA37600144950 /* TextFiledTableViewCell.swift */ = {isa = PBXFileReference; lastKnownFileType = sourcecode.swift; path = TextFiledTableViewCell.swift; sourceTree = "<group>"; };
		848A332B231BA37600144950 /* TextFiledTableViewCell.xib */ = {isa = PBXFileReference; lastKnownFileType = file.xib; path = TextFiledTableViewCell.xib; sourceTree = "<group>"; };
		848A332F231BCA4000144950 /* TodayStep.swift */ = {isa = PBXFileReference; lastKnownFileType = sourcecode.swift; path = TodayStep.swift; sourceTree = "<group>"; };
		848A3331231D542300144950 /* GroupEventModel.swift */ = {isa = PBXFileReference; fileEncoding = 4; lastKnownFileType = sourcecode.swift; path = GroupEventModel.swift; sourceTree = "<group>"; };
		848A333723216B1100144950 /* PreferredGroupListModel.swift */ = {isa = PBXFileReference; fileEncoding = 4; lastKnownFileType = sourcecode.swift; path = PreferredGroupListModel.swift; sourceTree = "<group>"; };
		848A33392325E86800144950 /* MessageModel.swift */ = {isa = PBXFileReference; fileEncoding = 4; lastKnownFileType = sourcecode.swift; path = MessageModel.swift; sourceTree = "<group>"; };
		848A333A2325E86900144950 /* CahtFirstModel.swift */ = {isa = PBXFileReference; fileEncoding = 4; lastKnownFileType = sourcecode.swift; path = CahtFirstModel.swift; sourceTree = "<group>"; };
		849E34B12355A2840062E928 /* FBSDKCoreKit.framework */ = {isa = PBXFileReference; lastKnownFileType = wrapper.framework; name = FBSDKCoreKit.framework; path = "../../../../Downloads/FacebookSDKs-iOS-4.40.0 (1) 2/FBSDKCoreKit.framework"; sourceTree = "<group>"; };
		849E34B22355A2840062E928 /* Bolts.framework */ = {isa = PBXFileReference; lastKnownFileType = wrapper.framework; name = Bolts.framework; path = "../../../../Downloads/FacebookSDKs-iOS-4.40.0 (1) 2/Bolts.framework"; sourceTree = "<group>"; };
		849E34B32355A2840062E928 /* FBSDKLoginKit.framework */ = {isa = PBXFileReference; lastKnownFileType = wrapper.framework; name = FBSDKLoginKit.framework; path = "../../../../Downloads/FacebookSDKs-iOS-4.40.0 (1) 2/FBSDKLoginKit.framework"; sourceTree = "<group>"; };
		849E34BA2355A3990062E928 /* ApiGroupEvent.swift */ = {isa = PBXFileReference; fileEncoding = 4; lastKnownFileType = sourcecode.swift; name = ApiGroupEvent.swift; path = matchness/API/ApiGroupEvent.swift; sourceTree = "<group>"; };
		849E34BC23593C900062E928 /* SearchTableViewController.swift */ = {isa = PBXFileReference; lastKnownFileType = sourcecode.swift; path = SearchTableViewController.swift; sourceTree = "<group>"; };
		84C79C51236AB2F8000B6648 /* PaymentViewController.swift */ = {isa = PBXFileReference; lastKnownFileType = sourcecode.swift; path = PaymentViewController.swift; sourceTree = "<group>"; };
		84C79C56236AB9B4000B6648 /* ReportTextTableViewCellTableViewCell.xib */ = {isa = PBXFileReference; fileEncoding = 4; lastKnownFileType = file.xib; name = ReportTextTableViewCellTableViewCell.xib; path = matchness/Report/ReportTextTableViewCellTableViewCell.xib; sourceTree = SOURCE_ROOT; };
		84C79C57236AB9B4000B6648 /* ReportModel.swift */ = {isa = PBXFileReference; fileEncoding = 4; lastKnownFileType = sourcecode.swift; name = ReportModel.swift; path = matchness/Report/ReportModel.swift; sourceTree = SOURCE_ROOT; };
		84C79C58236AB9B4000B6648 /* ReportTextTableViewCell.swift */ = {isa = PBXFileReference; fileEncoding = 4; lastKnownFileType = sourcecode.swift; name = ReportTextTableViewCell.swift; path = matchness/Report/ReportTextTableViewCell.swift; sourceTree = SOURCE_ROOT; };
		84C79C59236AB9B4000B6648 /* ButtonTableViewCell.swift */ = {isa = PBXFileReference; fileEncoding = 4; lastKnownFileType = sourcecode.swift; name = ButtonTableViewCell.swift; path = matchness/Report/ButtonTableViewCell.swift; sourceTree = SOURCE_ROOT; };
		84C79C5A236AB9B4000B6648 /* ReportTextTableViewCellTableViewCell.swift */ = {isa = PBXFileReference; fileEncoding = 4; lastKnownFileType = sourcecode.swift; name = ReportTextTableViewCellTableViewCell.swift; path = matchness/Report/ReportTextTableViewCellTableViewCell.swift; sourceTree = SOURCE_ROOT; };
		84C79C5B236AB9B4000B6648 /* ReportViewController.swift */ = {isa = PBXFileReference; fileEncoding = 4; lastKnownFileType = sourcecode.swift; name = ReportViewController.swift; path = matchness/Report/ReportViewController.swift; sourceTree = SOURCE_ROOT; };
		84C79C5C236AB9B4000B6648 /* ButtonTableViewCell.xib */ = {isa = PBXFileReference; fileEncoding = 4; lastKnownFileType = file.xib; name = ButtonTableViewCell.xib; path = matchness/Report/ButtonTableViewCell.xib; sourceTree = SOURCE_ROOT; };
		946D3AF11F4FBEBAFE993661 /* Pods_matchness.framework */ = {isa = PBXFileReference; explicitFileType = wrapper.framework; includeInIndex = 0; path = Pods_matchness.framework; sourceTree = BUILT_PRODUCTS_DIR; };
		AD66A8BE7976CA8BC6F822EA /* Pods-matchnessTests.debug.xcconfig */ = {isa = PBXFileReference; includeInIndex = 1; lastKnownFileType = text.xcconfig; name = "Pods-matchnessTests.debug.xcconfig"; path = "Target Support Files/Pods-matchnessTests/Pods-matchnessTests.debug.xcconfig"; sourceTree = "<group>"; };
		B40A33EB232A5AD500583CCC /* ApiConfig.swift */ = {isa = PBXFileReference; fileEncoding = 4; lastKnownFileType = sourcecode.swift; name = ApiConfig.swift; path = matchness/API/ApiConfig.swift; sourceTree = "<group>"; };
		B40A33EC232A5AD500583CCC /* ApiGroupList.swift */ = {isa = PBXFileReference; fileEncoding = 4; lastKnownFileType = sourcecode.swift; name = ApiGroupList.swift; path = matchness/API/ApiGroupList.swift; sourceTree = "<group>"; };
		B40A33ED232A5AD500583CCC /* ApiRequest.swift */ = {isa = PBXFileReference; fileEncoding = 4; lastKnownFileType = sourcecode.swift; name = ApiRequest.swift; path = matchness/API/ApiRequest.swift; sourceTree = "<group>"; };
		B40A33EE232A5AD500583CCC /* ApiMessageList.swift */ = {isa = PBXFileReference; fileEncoding = 4; lastKnownFileType = sourcecode.swift; name = ApiMessageList.swift; path = matchness/API/ApiMessageList.swift; sourceTree = "<group>"; };
		B40A33EF232A5AD500583CCC /* ApiGroupRequestList.swift */ = {isa = PBXFileReference; fileEncoding = 4; lastKnownFileType = sourcecode.swift; name = ApiGroupRequestList.swift; path = matchness/API/ApiGroupRequestList.swift; sourceTree = "<group>"; };
		B40A33F0232A5AD500583CCC /* ApiMultipleUser.swift */ = {isa = PBXFileReference; fileEncoding = 4; lastKnownFileType = sourcecode.swift; name = ApiMultipleUser.swift; path = matchness/API/ApiMultipleUser.swift; sourceTree = "<group>"; };
		B40A33F1232A5AD500583CCC /* ApiUserDetailDate.swift */ = {isa = PBXFileReference; fileEncoding = 4; lastKnownFileType = sourcecode.swift; name = ApiUserDetailDate.swift; path = matchness/API/ApiUserDetailDate.swift; sourceTree = "<group>"; };
		B40A33F2232A5AD500583CCC /* ApiUserDateParam.swift */ = {isa = PBXFileReference; fileEncoding = 4; lastKnownFileType = sourcecode.swift; name = ApiUserDateParam.swift; path = matchness/API/ApiUserDateParam.swift; sourceTree = "<group>"; };
		B40A33F3232A5AD500583CCC /* ApiChatRoom.swift */ = {isa = PBXFileReference; fileEncoding = 4; lastKnownFileType = sourcecode.swift; name = ApiChatRoom.swift; path = matchness/API/ApiChatRoom.swift; sourceTree = "<group>"; };
		B40A33F4232A5AD500583CCC /* ApiUserSearchData.swift */ = {isa = PBXFileReference; fileEncoding = 4; lastKnownFileType = sourcecode.swift; name = ApiUserSearchData.swift; path = matchness/API/ApiUserSearchData.swift; sourceTree = "<group>"; };
		B40A33F5232A5AD600583CCC /* ApiChangePoint.swift */ = {isa = PBXFileReference; fileEncoding = 4; lastKnownFileType = sourcecode.swift; name = ApiChangePoint.swift; path = matchness/API/ApiChangePoint.swift; sourceTree = "<group>"; };
		B40A33F6232A5AD600583CCC /* ApiGroupEventList.swift */ = {isa = PBXFileReference; fileEncoding = 4; lastKnownFileType = sourcecode.swift; name = ApiGroupEventList.swift; path = matchness/API/ApiGroupEventList.swift; sourceTree = "<group>"; };
		B40A33F7232A5AD600583CCC /* ApiNoticeList.swift */ = {isa = PBXFileReference; fileEncoding = 4; lastKnownFileType = sourcecode.swift; name = ApiNoticeList.swift; path = matchness/API/ApiNoticeList.swift; sourceTree = "<group>"; };
		B40A33F8232A5AD600583CCC /* ApiProfileData.swift */ = {isa = PBXFileReference; fileEncoding = 4; lastKnownFileType = sourcecode.swift; name = ApiProfileData.swift; path = matchness/API/ApiProfileData.swift; sourceTree = "<group>"; };
		B40A33F9232A5AD600583CCC /* ApiGroupChat.swift */ = {isa = PBXFileReference; fileEncoding = 4; lastKnownFileType = sourcecode.swift; name = ApiGroupChat.swift; path = matchness/API/ApiGroupChat.swift; sourceTree = "<group>"; };
		B40A33FA232A5AD600583CCC /* ApiRequestCondition.swift */ = {isa = PBXFileReference; fileEncoding = 4; lastKnownFileType = sourcecode.swift; name = ApiRequestCondition.swift; path = matchness/API/ApiRequestCondition.swift; sourceTree = "<group>"; };
		B40A33FB232A5AD600583CCC /* ApiMatcheList.swift */ = {isa = PBXFileReference; fileEncoding = 4; lastKnownFileType = sourcecode.swift; name = ApiMatcheList.swift; path = matchness/API/ApiMatcheList.swift; sourceTree = "<group>"; };
		B40A33FC232A5AD600583CCC /* ApiUserDate.swift */ = {isa = PBXFileReference; fileEncoding = 4; lastKnownFileType = sourcecode.swift; name = ApiUserDate.swift; path = matchness/API/ApiUserDate.swift; sourceTree = "<group>"; };
		B40A33FD232A5AD600583CCC /* ApiMyData.swift */ = {isa = PBXFileReference; fileEncoding = 4; lastKnownFileType = sourcecode.swift; name = ApiMyData.swift; path = matchness/API/ApiMyData.swift; sourceTree = "<group>"; };
		B456770F2330DC6300E0E9B7 /* NoticeModel.swift */ = {isa = PBXFileReference; fileEncoding = 4; lastKnownFileType = sourcecode.swift; path = NoticeModel.swift; sourceTree = "<group>"; };
		B45677102330DC6300E0E9B7 /* NoticeViewController.swift */ = {isa = PBXFileReference; fileEncoding = 4; lastKnownFileType = sourcecode.swift; path = NoticeViewController.swift; sourceTree = "<group>"; };
		B45677142330DC9D00E0E9B7 /* GroupChatModel.swift */ = {isa = PBXFileReference; fileEncoding = 4; lastKnownFileType = sourcecode.swift; path = GroupChatModel.swift; sourceTree = "<group>"; };
		B45677152330DC9D00E0E9B7 /* GroupChatViewController.swift */ = {isa = PBXFileReference; fileEncoding = 4; lastKnownFileType = sourcecode.swift; path = GroupChatViewController.swift; sourceTree = "<group>"; };
		B495CBFD23339BCE006A029C /* NotDataTableViewCell.swift */ = {isa = PBXFileReference; lastKnownFileType = sourcecode.swift; path = NotDataTableViewCell.swift; sourceTree = "<group>"; };
		B495CBFE23339BCF006A029C /* NotDataTableViewCell.xib */ = {isa = PBXFileReference; lastKnownFileType = file.xib; path = NotDataTableViewCell.xib; sourceTree = "<group>"; };
		B49CCD9422D592AD00F793F1 /* UserSearchModel.swift */ = {isa = PBXFileReference; lastKnownFileType = sourcecode.swift; path = UserSearchModel.swift; sourceTree = "<group>"; };
		B4D1ECF32330EB07008760A2 /* NoticeDitailModel.swift */ = {isa = PBXFileReference; fileEncoding = 4; lastKnownFileType = sourcecode.swift; path = NoticeDitailModel.swift; sourceTree = "<group>"; };
		B4D1ECF42330EB07008760A2 /* NoticeDitailViewController.swift */ = {isa = PBXFileReference; fileEncoding = 4; lastKnownFileType = sourcecode.swift; path = NoticeDitailViewController.swift; sourceTree = "<group>"; };
		C90F43327F8A755420BBB2F9 /* Pods-matchnessTests.release.xcconfig */ = {isa = PBXFileReference; includeInIndex = 1; lastKnownFileType = text.xcconfig; name = "Pods-matchnessTests.release.xcconfig"; path = "Target Support Files/Pods-matchnessTests/Pods-matchnessTests.release.xcconfig"; sourceTree = "<group>"; };
		CE05740E22A3AD9F0082182F /* GroupViewController.swift */ = {isa = PBXFileReference; lastKnownFileType = sourcecode.swift; path = GroupViewController.swift; sourceTree = "<group>"; };
		CE05741022A3ADF50082182F /* PageViewController.swift */ = {isa = PBXFileReference; lastKnownFileType = sourcecode.swift; path = PageViewController.swift; sourceTree = "<group>"; };
		CE05741422A3BA960082182F /* CahtFirstViewController.swift */ = {isa = PBXFileReference; lastKnownFileType = sourcecode.swift; path = CahtFirstViewController.swift; sourceTree = "<group>"; };
		CE05741622A3BB030082182F /* CahtSecondViewController.swift */ = {isa = PBXFileReference; lastKnownFileType = sourcecode.swift; path = CahtSecondViewController.swift; sourceTree = "<group>"; };
		CE05741A22A4391F0082182F /* EndGroupViewController.swift */ = {isa = PBXFileReference; lastKnownFileType = sourcecode.swift; path = EndGroupViewController.swift; sourceTree = "<group>"; };
		CE05741C22A439330082182F /* JoinGroupViewController.swift */ = {isa = PBXFileReference; lastKnownFileType = sourcecode.swift; path = JoinGroupViewController.swift; sourceTree = "<group>"; };
		CE05741E22A439420082182F /* WaitGroupViewController.swift */ = {isa = PBXFileReference; lastKnownFileType = sourcecode.swift; path = WaitGroupViewController.swift; sourceTree = "<group>"; };
		CE05742022A5E9350082182F /* ChatViewController.swift */ = {isa = PBXFileReference; lastKnownFileType = sourcecode.swift; path = ChatViewController.swift; sourceTree = "<group>"; };
		CE05742222A6CF3E0082182F /* UserSearchCollectionViewCell.swift */ = {isa = PBXFileReference; lastKnownFileType = sourcecode.swift; path = UserSearchCollectionViewCell.swift; sourceTree = "<group>"; };
		CE05742322A6CF3E0082182F /* UserSearchCollectionViewCell.xib */ = {isa = PBXFileReference; lastKnownFileType = file.xib; path = UserSearchCollectionViewCell.xib; sourceTree = "<group>"; };
		CE05742622A8EB0C0082182F /* GroupTableViewCell.swift */ = {isa = PBXFileReference; lastKnownFileType = sourcecode.swift; path = GroupTableViewCell.swift; sourceTree = "<group>"; };
		CE05742722A8EB0C0082182F /* GroupTableViewCell.xib */ = {isa = PBXFileReference; lastKnownFileType = file.xib; path = GroupTableViewCell.xib; sourceTree = "<group>"; };
		CE05742E22AA3A3A0082182F /* ChatTableViewCell.swift */ = {isa = PBXFileReference; lastKnownFileType = sourcecode.swift; path = ChatTableViewCell.swift; sourceTree = "<group>"; };
		CE05742F22AA3A3A0082182F /* ChatTableViewCell.xib */ = {isa = PBXFileReference; lastKnownFileType = file.xib; path = ChatTableViewCell.xib; sourceTree = "<group>"; };
		CE05743222AB547B0082182F /* CustomNavigationBar.swift */ = {isa = PBXFileReference; lastKnownFileType = sourcecode.swift; path = CustomNavigationBar.swift; sourceTree = "<group>"; };
		CE05743422AB6F7E0082182F /* UserDetailTableViewCell.swift */ = {isa = PBXFileReference; lastKnownFileType = sourcecode.swift; path = UserDetailTableViewCell.swift; sourceTree = "<group>"; };
		CE05743522AB6F7E0082182F /* UserDetailTableViewCell.xib */ = {isa = PBXFileReference; lastKnownFileType = file.xib; path = UserDetailTableViewCell.xib; sourceTree = "<group>"; };
		CE0F9EEB22DE348900D320F5 /* MultipleViewController.swift */ = {isa = PBXFileReference; lastKnownFileType = sourcecode.swift; path = MultipleViewController.swift; sourceTree = "<group>"; };
		CE0F9EED22DE34D500D320F5 /* MultipleTableViewCell.swift */ = {isa = PBXFileReference; lastKnownFileType = sourcecode.swift; path = MultipleTableViewCell.swift; sourceTree = "<group>"; };
		CE0F9EEE22DE34D500D320F5 /* MultipleTableViewCell.xib */ = {isa = PBXFileReference; lastKnownFileType = file.xib; path = MultipleTableViewCell.xib; sourceTree = "<group>"; };
		CE0F9EF122DEFAD000D320F5 /* GroupEventAddViewController.swift */ = {isa = PBXFileReference; lastKnownFileType = sourcecode.swift; path = GroupEventAddViewController.swift; sourceTree = "<group>"; };
		CE0F9EF322E0529F00D320F5 /* PointChangeViewController.swift */ = {isa = PBXFileReference; lastKnownFileType = sourcecode.swift; path = PointChangeViewController.swift; sourceTree = "<group>"; };
		CE0F9EF522E590BF00D320F5 /* PreferredGroupListViewController.swift */ = {isa = PBXFileReference; lastKnownFileType = sourcecode.swift; path = PreferredGroupListViewController.swift; sourceTree = "<group>"; };
		CE1D51E522C4990A0093DC58 /* MyDateStepViewController.swift */ = {isa = PBXFileReference; lastKnownFileType = sourcecode.swift; path = MyDateStepViewController.swift; sourceTree = "<group>"; };
		CE1D51F322CDDC240093DC58 /* matchness.entitlements */ = {isa = PBXFileReference; lastKnownFileType = text.plist.entitlements; path = matchness.entitlements; sourceTree = "<group>"; };
		CE1D51F422CE40C30093DC58 /* GoogleService-Info.plist */ = {isa = PBXFileReference; fileEncoding = 4; lastKnownFileType = text.plist.xml; name = "GoogleService-Info.plist"; path = "../../../../Downloads/GoogleService-Info.plist"; sourceTree = "<group>"; };
		CE1D51F622D0158B0093DC58 /* testViewController.swift */ = {isa = PBXFileReference; lastKnownFileType = sourcecode.swift; path = testViewController.swift; sourceTree = "<group>"; };
		CE1D51F822D015D10093DC58 /* MessageViewController.swift */ = {isa = PBXFileReference; lastKnownFileType = sourcecode.swift; path = MessageViewController.swift; sourceTree = "<group>"; };
		CE4B0981220942DE00F8A430 /* matchness.app */ = {isa = PBXFileReference; explicitFileType = wrapper.application; includeInIndex = 0; path = matchness.app; sourceTree = BUILT_PRODUCTS_DIR; };
		CE4B0984220942DE00F8A430 /* AppDelegate.swift */ = {isa = PBXFileReference; lastKnownFileType = sourcecode.swift; path = AppDelegate.swift; sourceTree = "<group>"; };
		CE4B0986220942DE00F8A430 /* ViewController.swift */ = {isa = PBXFileReference; lastKnownFileType = sourcecode.swift; path = ViewController.swift; sourceTree = "<group>"; };
		CE4B0989220942DE00F8A430 /* Base */ = {isa = PBXFileReference; lastKnownFileType = file.storyboard; name = Base; path = Base.lproj/Main.storyboard; sourceTree = "<group>"; };
		CE4B098B220942E100F8A430 /* Assets.xcassets */ = {isa = PBXFileReference; lastKnownFileType = folder.assetcatalog; path = Assets.xcassets; sourceTree = "<group>"; };
		CE4B098E220942E100F8A430 /* Base */ = {isa = PBXFileReference; lastKnownFileType = file.storyboard; name = Base; path = Base.lproj/LaunchScreen.storyboard; sourceTree = "<group>"; };
		CE4B0990220942E100F8A430 /* Info.plist */ = {isa = PBXFileReference; lastKnownFileType = text.plist.xml; path = Info.plist; sourceTree = "<group>"; };
		CE4B0995220942E100F8A430 /* matchnessTests.xctest */ = {isa = PBXFileReference; explicitFileType = wrapper.cfbundle; includeInIndex = 0; path = matchnessTests.xctest; sourceTree = BUILT_PRODUCTS_DIR; };
		CE4B0999220942E100F8A430 /* matchnessTests.swift */ = {isa = PBXFileReference; lastKnownFileType = sourcecode.swift; path = matchnessTests.swift; sourceTree = "<group>"; };
		CE4B099B220942E100F8A430 /* Info.plist */ = {isa = PBXFileReference; lastKnownFileType = text.plist.xml; path = Info.plist; sourceTree = "<group>"; };
		CE4B09A0220942E100F8A430 /* matchnessUITests.xctest */ = {isa = PBXFileReference; explicitFileType = wrapper.cfbundle; includeInIndex = 0; path = matchnessUITests.xctest; sourceTree = BUILT_PRODUCTS_DIR; };
		CE4B09A4220942E100F8A430 /* matchnessUITests.swift */ = {isa = PBXFileReference; lastKnownFileType = sourcecode.swift; path = matchnessUITests.swift; sourceTree = "<group>"; };
		CE4B09A6220942E100F8A430 /* Info.plist */ = {isa = PBXFileReference; lastKnownFileType = text.plist.xml; path = Info.plist; sourceTree = "<group>"; };
		CE4B09B62209499A00F8A430 /* UserSearchViewController.swift */ = {isa = PBXFileReference; lastKnownFileType = sourcecode.swift; path = UserSearchViewController.swift; sourceTree = "<group>"; };
		CE4B09BE2209D2A000F8A430 /* MyDataViewController.swift */ = {isa = PBXFileReference; lastKnownFileType = sourcecode.swift; path = MyDataViewController.swift; sourceTree = "<group>"; };
		CE4B09C02209D2EA00F8A430 /* UserDetailViewController.swift */ = {isa = PBXFileReference; lastKnownFileType = sourcecode.swift; path = UserDetailViewController.swift; sourceTree = "<group>"; };
		CEAF954822BDEB7400F37A6E /* GroupEventCollectionViewCell.swift */ = {isa = PBXFileReference; lastKnownFileType = sourcecode.swift; path = GroupEventCollectionViewCell.swift; sourceTree = "<group>"; };
		CEAF954922BDEB7400F37A6E /* GroupEventCollectionViewCell.xib */ = {isa = PBXFileReference; lastKnownFileType = file.xib; path = GroupEventCollectionViewCell.xib; sourceTree = "<group>"; };
		CEAF954C22BDF33600F37A6E /* GroupEventViewController.swift */ = {isa = PBXFileReference; lastKnownFileType = sourcecode.swift; path = GroupEventViewController.swift; sourceTree = "<group>"; };
		CFC97E77BD56B94179B87F49 /* Pods_matchnessUITests.framework */ = {isa = PBXFileReference; explicitFileType = wrapper.framework; includeInIndex = 0; path = Pods_matchnessUITests.framework; sourceTree = BUILT_PRODUCTS_DIR; };
		E8B336032F6C38D5318AD586 /* Pods-matchnessUITests.debug.xcconfig */ = {isa = PBXFileReference; includeInIndex = 1; lastKnownFileType = text.xcconfig; name = "Pods-matchnessUITests.debug.xcconfig"; path = "Target Support Files/Pods-matchnessUITests/Pods-matchnessUITests.debug.xcconfig"; sourceTree = "<group>"; };
		EE9CA3510AE57598FBBFB314 /* Pods_matchnessTests.framework */ = {isa = PBXFileReference; explicitFileType = wrapper.framework; includeInIndex = 0; path = Pods_matchnessTests.framework; sourceTree = BUILT_PRODUCTS_DIR; };
/* End PBXFileReference section */

/* Begin PBXFrameworksBuildPhase section */
		CE4B097E220942DE00F8A430 /* Frameworks */ = {
			isa = PBXFrameworksBuildPhase;
			buildActionMask = 2147483647;
			files = (
				849E34B62355A2840062E928 /* Bolts.framework in Frameworks */,
				F5ED2E68F602F60024B65444 /* Pods_matchness.framework in Frameworks */,
				849E34B72355A2840062E928 /* FBSDKLoginKit.framework in Frameworks */,
				849E34B52355A2840062E928 /* FBSDKCoreKit.framework in Frameworks */,
			);
			runOnlyForDeploymentPostprocessing = 0;
		};
		CE4B0992220942E100F8A430 /* Frameworks */ = {
			isa = PBXFrameworksBuildPhase;
			buildActionMask = 2147483647;
			files = (
				81C6A8431AF3185E4817C3AE /* Pods_matchnessTests.framework in Frameworks */,
			);
			runOnlyForDeploymentPostprocessing = 0;
		};
		CE4B099D220942E100F8A430 /* Frameworks */ = {
			isa = PBXFrameworksBuildPhase;
			buildActionMask = 2147483647;
			files = (
				E36DE9FCB8A00A774016F774 /* Pods_matchnessUITests.framework in Frameworks */,
			);
			runOnlyForDeploymentPostprocessing = 0;
		};
/* End PBXFrameworksBuildPhase section */

/* Begin PBXGroup section */
		78FD4CF3C319FC362A39B272 /* Pods */ = {
			isa = PBXGroup;
			children = (
				849E34B22355A2840062E928 /* Bolts.framework */,
				849E34B12355A2840062E928 /* FBSDKCoreKit.framework */,
				849E34B32355A2840062E928 /* FBSDKLoginKit.framework */,
				5C5B5093E137E02D7BFA9506 /* Pods-matchness.debug.xcconfig */,
				17B0CBC822090074B01DDA4F /* Pods-matchness.release.xcconfig */,
				AD66A8BE7976CA8BC6F822EA /* Pods-matchnessTests.debug.xcconfig */,
				C90F43327F8A755420BBB2F9 /* Pods-matchnessTests.release.xcconfig */,
				E8B336032F6C38D5318AD586 /* Pods-matchnessUITests.debug.xcconfig */,
				620A40633C210A8E30559B8B /* Pods-matchnessUITests.release.xcconfig */,
			);
			path = Pods;
			sourceTree = "<group>";
		};
		8409E5F9233775E4009BA908 /* pointHistory */ = {
			isa = PBXGroup;
			children = (
				8409E5FC233778CE009BA908 /* PointHistoryModel.swift */,
				8409E5FA23377623009BA908 /* PointHistoryViewController.swift */,
			);
			path = pointHistory;
			sourceTree = "<group>";
		};
		8432F2B722F16ABB00A60EC5 /* Login */ = {
			isa = PBXGroup;
			children = (
				8432F2B822F16AF200A60EC5 /* FBLoginViewController.swift */,
				843F204122F8043F008CBDDA /* ProfileAddModel.swift */,
				8432F2BA22F16B1100A60EC5 /* ProfileAddViewController.swift */,
				8405839022F4097D00FAB292 /* RegistCompViewController.swift */,
			);
			path = Login;
			sourceTree = "<group>";
		};
		848A331A2319F99100144950 /* pointChange */ = {
			isa = PBXGroup;
			children = (
				CE0F9EF322E0529F00D320F5 /* PointChangeViewController.swift */,
				848A33182319F91000144950 /* PointChangeModel.swift */,
			);
			path = pointChange;
			sourceTree = "<group>";
		};
		848A331D231A895800144950 /* Setting */ = {
			isa = PBXGroup;
			children = (
				848A3320231A8B9C00144950 /* SettingEditModel.swift */,
				848A331E231A8B9C00144950 /* SettingEditTableViewCell.swift */,
				848A331F231A8B9C00144950 /* SettingEditTableViewCell.xib */,
				848A3321231A8B9D00144950 /* SettingEditViewController.swift */,
			);
			path = Setting;
			sourceTree = "<group>";
		};
		848A332E231BA63800144950 /* profileEdit */ = {
			isa = PBXGroup;
			children = (
				848A332B231BA37600144950 /* TextFiledTableViewCell.xib */,
				8409E60023377CE8009BA908 /* TextAreaTableViewCell.swift */,
				8409E60123377CE8009BA908 /* TextAreaTableViewCell.xib */,
				848A332A231BA37600144950 /* TextFiledTableViewCell.swift */,
				845956A722FBF75000B79278 /* ProfileEditViewController.swift */,
				845956AD2303E52800B79278 /* ProfileEditModel.swift */,
				845956A922FC71F300B79278 /* ProfileEditTableViewCell.swift */,
				845956AA22FC71F300B79278 /* ProfileEditTableViewCell.xib */,
				847398A3234224EC00D28135 /* ProfilImageTableViewCell.swift */,
				847398A4234224EC00D28135 /* ProfilImageTableViewCell.xib */,
			);
			path = profileEdit;
			sourceTree = "<group>";
		};
		84C79C4A2369B195000B6648 /* Payment */ = {
			isa = PBXGroup;
			children = (
				84C79C51236AB2F8000B6648 /* PaymentViewController.swift */,
			);
			path = Payment;
			sourceTree = "<group>";
		};
		84C79C55236AB9A1000B6648 /* Report */ = {
			isa = PBXGroup;
			children = (
				84C79C59236AB9B4000B6648 /* ButtonTableViewCell.swift */,
				84C79C5C236AB9B4000B6648 /* ButtonTableViewCell.xib */,
				84C79C57236AB9B4000B6648 /* ReportModel.swift */,
				84C79C58236AB9B4000B6648 /* ReportTextTableViewCell.swift */,
				84C79C5A236AB9B4000B6648 /* ReportTextTableViewCellTableViewCell.swift */,
				84C79C56236AB9B4000B6648 /* ReportTextTableViewCellTableViewCell.xib */,
				84C79C5B236AB9B4000B6648 /* ReportViewController.swift */,
			);
			name = Report;
			path = Payment/Report;
			sourceTree = "<group>";
		};
		B456770E2330DC6300E0E9B7 /* Notice */ = {
			isa = PBXGroup;
			children = (
				B4D1ECF22330EB07008760A2 /* NoticeDitail */,
				B456770F2330DC6300E0E9B7 /* NoticeModel.swift */,
				B45677102330DC6300E0E9B7 /* NoticeViewController.swift */,
			);
			path = Notice;
			sourceTree = "<group>";
		};
		B45677132330DC9D00E0E9B7 /* GroupChat */ = {
			isa = PBXGroup;
			children = (
				B45677142330DC9D00E0E9B7 /* GroupChatModel.swift */,
				B45677152330DC9D00E0E9B7 /* GroupChatViewController.swift */,
				8456F70F2354301A00819DC0 /* GroupChatTableViewCell.swift */,
				8456F7102354301A00819DC0 /* GroupChatTableViewCell.xib */,
			);
			path = GroupChat;
			sourceTree = "<group>";
		};
		B49CCD9122D5872400F793F1 /* API */ = {
			isa = PBXGroup;
			children = (
				B40A33ED232A5AD500583CCC /* ApiRequest.swift */,
				B40A33F5232A5AD600583CCC /* ApiChangePoint.swift */,
				B40A33F3232A5AD500583CCC /* ApiChatRoom.swift */,
				8409E5FE233779B4009BA908 /* ApiPointHistory.swift */,
				849E34BA2355A3990062E928 /* ApiGroupEvent.swift */,
				B40A33EB232A5AD500583CCC /* ApiConfig.swift */,
				B40A33F9232A5AD600583CCC /* ApiGroupChat.swift */,
				B40A33F6232A5AD600583CCC /* ApiGroupEventList.swift */,
				B40A33EC232A5AD500583CCC /* ApiGroupList.swift */,
				B40A33EF232A5AD500583CCC /* ApiGroupRequestList.swift */,
				B40A33FB232A5AD600583CCC /* ApiMatcheList.swift */,
				8456F70923530CEF00819DC0 /* ApiMessage.swift */,
				B40A33EE232A5AD500583CCC /* ApiMessageList.swift */,
				B40A33F0232A5AD500583CCC /* ApiMultipleUser.swift */,
				B40A33FD232A5AD600583CCC /* ApiMyData.swift */,
				B40A33F7232A5AD600583CCC /* ApiNoticeList.swift */,
				B40A33F8232A5AD600583CCC /* ApiProfileData.swift */,
				B40A33FA232A5AD600583CCC /* ApiRequestCondition.swift */,
				8456F70B2353310B00819DC0 /* ApiUserInfo.swift */,
				B40A33FC232A5AD600583CCC /* ApiUserDate.swift */,
				B40A33F2232A5AD500583CCC /* ApiUserDateParam.swift */,
				B40A33F1232A5AD500583CCC /* ApiUserDetailDate.swift */,
				B40A33F4232A5AD500583CCC /* ApiUserSearchData.swift */,
			);
			name = API;
			path = ..;
			sourceTree = "<group>";
		};
		B4D1ECF22330EB07008760A2 /* NoticeDitail */ = {
			isa = PBXGroup;
			children = (
				B4D1ECF32330EB07008760A2 /* NoticeDitailModel.swift */,
				B4D1ECF42330EB07008760A2 /* NoticeDitailViewController.swift */,
			);
			path = NoticeDitail;
			sourceTree = "<group>";
		};
		CE1D51E922CDD5290093DC58 /* UserSearch */ = {
			isa = PBXGroup;
			children = (
				CE4B09B62209499A00F8A430 /* UserSearchViewController.swift */,
				B49CCD9422D592AD00F793F1 /* UserSearchModel.swift */,
				CE05742222A6CF3E0082182F /* UserSearchCollectionViewCell.swift */,
				CE05742322A6CF3E0082182F /* UserSearchCollectionViewCell.xib */,
				849E34BC23593C900062E928 /* SearchTableViewController.swift */,
			);
			path = UserSearch;
			sourceTree = "<group>";
		};
		CE1D51EA22CDD54D0093DC58 /* MyDate */ = {
			isa = PBXGroup;
			children = (
				848A332E231BA63800144950 /* profileEdit */,
				848A331D231A895800144950 /* Setting */,
				848A331A2319F99100144950 /* pointChange */,
				CE1D51EF22CDD6540093DC58 /* Step */,
				B456770E2330DC6300E0E9B7 /* Notice */,
				8409E5F9233775E4009BA908 /* pointHistory */,
				CE0F9EEB22DE348900D320F5 /* MultipleViewController.swift */,
				848A32C4230AA57900144950 /* MultipleModel.swift */,
				CE4B09BE2209D2A000F8A430 /* MyDataViewController.swift */,
				848A32D6230DA7A300144950 /* MyDataModel.swift */,
				CE0F9EED22DE34D500D320F5 /* MultipleTableViewCell.swift */,
				CE0F9EEE22DE34D500D320F5 /* MultipleTableViewCell.xib */,
			);
			path = MyDate;
			sourceTree = "<group>";
		};
		CE1D51EB22CDD56D0093DC58 /* Chat */ = {
			isa = PBXGroup;
			children = (
				CE1D51F222CDD7D20093DC58 /* Message */,
				CE05741022A3ADF50082182F /* PageViewController.swift */,
				CE05741422A3BA960082182F /* CahtFirstViewController.swift */,
				840FB6F023310C0D00F6F55F /* CahtRoomModel.swift */,
				848A333A2325E86900144950 /* CahtFirstModel.swift */,
				CE05741622A3BB030082182F /* CahtSecondViewController.swift */,
				CE05742022A5E9350082182F /* ChatViewController.swift */,
				CE05742E22AA3A3A0082182F /* ChatTableViewCell.swift */,
				CE05742F22AA3A3A0082182F /* ChatTableViewCell.xib */,
			);
			path = Chat;
			sourceTree = "<group>";
		};
		CE1D51EC22CDD5AF0093DC58 /* Group */ = {
			isa = PBXGroup;
			children = (
				CE1D51ED22CDD5E70093DC58 /* GroupEvent */,
				CE05740E22A3AD9F0082182F /* GroupViewController.swift */,
				CE05741E22A439420082182F /* WaitGroupViewController.swift */,
				848A32CE230D73D600144950 /* GroupModel.swift */,
				CE05741C22A439330082182F /* JoinGroupViewController.swift */,
				CE05741A22A4391F0082182F /* EndGroupViewController.swift */,
				CE05742622A8EB0C0082182F /* GroupTableViewCell.swift */,
				CE05742722A8EB0C0082182F /* GroupTableViewCell.xib */,
				848A333723216B1100144950 /* PreferredGroupListModel.swift */,
				CE0F9EF522E590BF00D320F5 /* PreferredGroupListViewController.swift */,
			);
			path = Group;
			sourceTree = "<group>";
		};
		CE1D51ED22CDD5E70093DC58 /* GroupEvent */ = {
			isa = PBXGroup;
			children = (
				B45677132330DC9D00E0E9B7 /* GroupChat */,
				CEAF954C22BDF33600F37A6E /* GroupEventViewController.swift */,
				848A3331231D542300144950 /* GroupEventModel.swift */,
				CEAF954822BDEB7400F37A6E /* GroupEventCollectionViewCell.swift */,
				CEAF954922BDEB7400F37A6E /* GroupEventCollectionViewCell.xib */,
				848A3314231504E200144950 /* GroupEventAddModel.swift */,
				CE0F9EF122DEFAD000D320F5 /* GroupEventAddViewController.swift */,
			);
			path = GroupEvent;
			sourceTree = "<group>";
		};
		CE1D51EE22CDD60C0093DC58 /* UserDetail */ = {
			isa = PBXGroup;
			children = (
				848A32CB230AF96600144950 /* UserDetailInfoTableViewCell.swift */,
				848A32CA230AF96600144950 /* UserDetailInfoTableViewCell.xib */,
				CE4B09C02209D2EA00F8A430 /* UserDetailViewController.swift */,
				843F203D22F6F85C008CBDDA /* UserDetailModel.swift */,
				CE05743422AB6F7E0082182F /* UserDetailTableViewCell.swift */,
				CE05743522AB6F7E0082182F /* UserDetailTableViewCell.xib */,
			);
			path = UserDetail;
			sourceTree = "<group>";
		};
		CE1D51EF22CDD6540093DC58 /* Step */ = {
			isa = PBXGroup;
			children = (
				848A33162319F81D00144950 /* MyDateStepModel.swift */,
				CE1D51E522C4990A0093DC58 /* MyDateStepViewController.swift */,
			);
			path = Step;
			sourceTree = "<group>";
		};
		CE1D51F222CDD7D20093DC58 /* Message */ = {
			isa = PBXGroup;
			children = (
				848A33392325E86800144950 /* MessageModel.swift */,
				CE1D51F822D015D10093DC58 /* MessageViewController.swift */,
			);
			path = Message;
			sourceTree = "<group>";
		};
		CE4B0978220942DE00F8A430 = {
			isa = PBXGroup;
			children = (
				CE1D51F622D0158B0093DC58 /* testViewController.swift */,
				CE4B0983220942DE00F8A430 /* matchness */,
				CE4B0998220942E100F8A430 /* matchnessTests */,
				CE4B09A3220942E100F8A430 /* matchnessUITests */,
				CE4B0982220942DE00F8A430 /* Products */,
				78FD4CF3C319FC362A39B272 /* Pods */,
				EC5E504D577588DD2937FB11 /* Frameworks */,
			);
			sourceTree = "<group>";
		};
		CE4B0982220942DE00F8A430 /* Products */ = {
			isa = PBXGroup;
			children = (
				CE4B0981220942DE00F8A430 /* matchness.app */,
				CE4B0995220942E100F8A430 /* matchnessTests.xctest */,
				CE4B09A0220942E100F8A430 /* matchnessUITests.xctest */,
			);
			name = Products;
			sourceTree = "<group>";
		};
		CE4B0983220942DE00F8A430 /* matchness */ = {
			isa = PBXGroup;
			children = (
				CE1D51F322CDDC240093DC58 /* matchness.entitlements */,
				CE4B0988220942DE00F8A430 /* Main.storyboard */,
				B49CCD9122D5872400F793F1 /* API */,
				CE1D51E922CDD5290093DC58 /* UserSearch */,
				84C79C55236AB9A1000B6648 /* Report */,
				84C79C4A2369B195000B6648 /* Payment */,
				CE1D51EE22CDD60C0093DC58 /* UserDetail */,
				8432F2B722F16ABB00A60EC5 /* Login */,
				CE1D51EC22CDD5AF0093DC58 /* Group */,
				CE1D51EB22CDD56D0093DC58 /* Chat */,
				CE1D51EA22CDD54D0093DC58 /* MyDate */,
				CE4B0984220942DE00F8A430 /* AppDelegate.swift */,
				842515ED2360AC6900BB6888 /* StripeKeyProvider.swift */,
				8432F2B122F0A2ED00A60EC5 /* SplashViewController.swift */,
				CE4B0986220942DE00F8A430 /* ViewController.swift */,
				848A332F231BCA4000144950 /* TodayStep.swift */,
				B495CBFD23339BCE006A029C /* NotDataTableViewCell.swift */,
				B495CBFE23339BCF006A029C /* NotDataTableViewCell.xib */,
				CE05743222AB547B0082182F /* CustomNavigationBar.swift */,
				CE4B098B220942E100F8A430 /* Assets.xcassets */,
				CE4B098D220942E100F8A430 /* LaunchScreen.storyboard */,
				8432F2AF22F09D6C00A60EC5 /* LaunchScreen.xib */,
				CE1D51F422CE40C30093DC58 /* GoogleService-Info.plist */,
				CE4B0990220942E100F8A430 /* Info.plist */,
				847398A92346764E00D28135 /* GradationView.swift */,
			);
			path = matchness;
			sourceTree = "<group>";
		};
		CE4B0998220942E100F8A430 /* matchnessTests */ = {
			isa = PBXGroup;
			children = (
				CE4B0999220942E100F8A430 /* matchnessTests.swift */,
				CE4B099B220942E100F8A430 /* Info.plist */,
			);
			path = matchnessTests;
			sourceTree = "<group>";
		};
		CE4B09A3220942E100F8A430 /* matchnessUITests */ = {
			isa = PBXGroup;
			children = (
				CE4B09A4220942E100F8A430 /* matchnessUITests.swift */,
				CE4B09A6220942E100F8A430 /* Info.plist */,
			);
			path = matchnessUITests;
			sourceTree = "<group>";
		};
		EC5E504D577588DD2937FB11 /* Frameworks */ = {
			isa = PBXGroup;
			children = (
				946D3AF11F4FBEBAFE993661 /* Pods_matchness.framework */,
				EE9CA3510AE57598FBBFB314 /* Pods_matchnessTests.framework */,
				CFC97E77BD56B94179B87F49 /* Pods_matchnessUITests.framework */,
			);
			name = Frameworks;
			sourceTree = "<group>";
		};
/* End PBXGroup section */

/* Begin PBXNativeTarget section */
		CE4B0980220942DE00F8A430 /* matchness */ = {
			isa = PBXNativeTarget;
			buildConfigurationList = CE4B09A9220942E100F8A430 /* Build configuration list for PBXNativeTarget "matchness" */;
			buildPhases = (
				ED9F31401CC99B70C239FF41 /* [CP] Check Pods Manifest.lock */,
				CE4B097D220942DE00F8A430 /* Sources */,
				CE4B097E220942DE00F8A430 /* Frameworks */,
				CE4B097F220942DE00F8A430 /* Resources */,
				E49D3BCA373BA0B66DD33A12 /* [CP] Embed Pods Frameworks */,
			);
			buildRules = (
			);
			dependencies = (
			);
			name = matchness;
			productName = matchness;
			productReference = CE4B0981220942DE00F8A430 /* matchness.app */;
			productType = "com.apple.product-type.application";
		};
		CE4B0994220942E100F8A430 /* matchnessTests */ = {
			isa = PBXNativeTarget;
			buildConfigurationList = CE4B09AC220942E100F8A430 /* Build configuration list for PBXNativeTarget "matchnessTests" */;
			buildPhases = (
				61C79CC4E11487111ED7CE24 /* [CP] Check Pods Manifest.lock */,
				CE4B0991220942E100F8A430 /* Sources */,
				CE4B0992220942E100F8A430 /* Frameworks */,
				CE4B0993220942E100F8A430 /* Resources */,
			);
			buildRules = (
			);
			dependencies = (
				CE4B0997220942E100F8A430 /* PBXTargetDependency */,
			);
			name = matchnessTests;
			productName = matchnessTests;
			productReference = CE4B0995220942E100F8A430 /* matchnessTests.xctest */;
			productType = "com.apple.product-type.bundle.unit-test";
		};
		CE4B099F220942E100F8A430 /* matchnessUITests */ = {
			isa = PBXNativeTarget;
			buildConfigurationList = CE4B09AF220942E100F8A430 /* Build configuration list for PBXNativeTarget "matchnessUITests" */;
			buildPhases = (
				E2AAEDED2B5164E5F9C26847 /* [CP] Check Pods Manifest.lock */,
				CE4B099C220942E100F8A430 /* Sources */,
				CE4B099D220942E100F8A430 /* Frameworks */,
				CE4B099E220942E100F8A430 /* Resources */,
			);
			buildRules = (
			);
			dependencies = (
				CE4B09A2220942E100F8A430 /* PBXTargetDependency */,
			);
			name = matchnessUITests;
			productName = matchnessUITests;
			productReference = CE4B09A0220942E100F8A430 /* matchnessUITests.xctest */;
			productType = "com.apple.product-type.bundle.ui-testing";
		};
/* End PBXNativeTarget section */

/* Begin PBXProject section */
		CE4B0979220942DE00F8A430 /* Project object */ = {
			isa = PBXProject;
			attributes = {
				LastSwiftUpdateCheck = 1010;
				LastUpgradeCheck = 1010;
				ORGANIZATIONNAME = a2c;
				TargetAttributes = {
					CE4B0980220942DE00F8A430 = {
						CreatedOnToolsVersion = 10.1;
						SystemCapabilities = {
							com.apple.BackgroundModes = {
								enabled = 1;
							};
							com.apple.Keychain = {
								enabled = 1;
							};
							com.apple.Push = {
								enabled = 1;
							};
						};
					};
					CE4B0994220942E100F8A430 = {
						CreatedOnToolsVersion = 10.1;
						TestTargetID = CE4B0980220942DE00F8A430;
					};
					CE4B099F220942E100F8A430 = {
						CreatedOnToolsVersion = 10.1;
						TestTargetID = CE4B0980220942DE00F8A430;
					};
				};
			};
			buildConfigurationList = CE4B097C220942DE00F8A430 /* Build configuration list for PBXProject "matchness" */;
			compatibilityVersion = "Xcode 9.3";
			developmentRegion = en;
			hasScannedForEncodings = 0;
			knownRegions = (
				en,
				Base,
			);
			mainGroup = CE4B0978220942DE00F8A430;
			productRefGroup = CE4B0982220942DE00F8A430 /* Products */;
			projectDirPath = "";
			projectRoot = "";
			targets = (
				CE4B0980220942DE00F8A430 /* matchness */,
				CE4B0994220942E100F8A430 /* matchnessTests */,
				CE4B099F220942E100F8A430 /* matchnessUITests */,
			);
		};
/* End PBXProject section */

/* Begin PBXResourcesBuildPhase section */
		CE4B097F220942DE00F8A430 /* Resources */ = {
			isa = PBXResourcesBuildPhase;
			buildActionMask = 2147483647;
			files = (
				CEAF954B22BDEB7400F37A6E /* GroupEventCollectionViewCell.xib in Resources */,
				CE0F9EF022DE34D500D320F5 /* MultipleTableViewCell.xib in Resources */,
				848A3323231A8B9D00144950 /* SettingEditTableViewCell.xib in Resources */,
				848A32CC230AF96700144950 /* UserDetailInfoTableViewCell.xib in Resources */,
				8409E60323377CE8009BA908 /* TextAreaTableViewCell.xib in Resources */,
				CE4B098F220942E100F8A430 /* LaunchScreen.storyboard in Resources */,
				8456F7122354301A00819DC0 /* GroupChatTableViewCell.xib in Resources */,
				848A332D231BA37600144950 /* TextFiledTableViewCell.xib in Resources */,
				845956AC22FC71F300B79278 /* ProfileEditTableViewCell.xib in Resources */,
				B495CC0023339BCF006A029C /* NotDataTableViewCell.xib in Resources */,
				84C79C63236AB9B5000B6648 /* ButtonTableViewCell.xib in Resources */,
				CE1D51F522CE40C30093DC58 /* GoogleService-Info.plist in Resources */,
				CE05743122AA3A3A0082182F /* ChatTableViewCell.xib in Resources */,
				84C79C5D236AB9B5000B6648 /* ReportTextTableViewCellTableViewCell.xib in Resources */,
				CE05742922A8EB0C0082182F /* GroupTableViewCell.xib in Resources */,
				CE4B098C220942E100F8A430 /* Assets.xcassets in Resources */,
				CE05742522A6CF3E0082182F /* UserSearchCollectionViewCell.xib in Resources */,
				CE05743722AB6F7E0082182F /* UserDetailTableViewCell.xib in Resources */,
				847398A6234224EC00D28135 /* ProfilImageTableViewCell.xib in Resources */,
				8432F2B022F09D6C00A60EC5 /* LaunchScreen.xib in Resources */,
				CE4B098A220942DE00F8A430 /* Main.storyboard in Resources */,
			);
			runOnlyForDeploymentPostprocessing = 0;
		};
		CE4B0993220942E100F8A430 /* Resources */ = {
			isa = PBXResourcesBuildPhase;
			buildActionMask = 2147483647;
			files = (
			);
			runOnlyForDeploymentPostprocessing = 0;
		};
		CE4B099E220942E100F8A430 /* Resources */ = {
			isa = PBXResourcesBuildPhase;
			buildActionMask = 2147483647;
			files = (
			);
			runOnlyForDeploymentPostprocessing = 0;
		};
/* End PBXResourcesBuildPhase section */

/* Begin PBXShellScriptBuildPhase section */
		61C79CC4E11487111ED7CE24 /* [CP] Check Pods Manifest.lock */ = {
			isa = PBXShellScriptBuildPhase;
			buildActionMask = 2147483647;
			files = (
			);
			inputFileListPaths = (
			);
			inputPaths = (
				"${PODS_PODFILE_DIR_PATH}/Podfile.lock",
				"${PODS_ROOT}/Manifest.lock",
			);
			name = "[CP] Check Pods Manifest.lock";
			outputFileListPaths = (
			);
			outputPaths = (
				"$(DERIVED_FILE_DIR)/Pods-matchnessTests-checkManifestLockResult.txt",
			);
			runOnlyForDeploymentPostprocessing = 0;
			shellPath = /bin/sh;
			shellScript = "diff \"${PODS_PODFILE_DIR_PATH}/Podfile.lock\" \"${PODS_ROOT}/Manifest.lock\" > /dev/null\nif [ $? != 0 ] ; then\n    # print error to STDERR\n    echo \"error: The sandbox is not in sync with the Podfile.lock. Run 'pod install' or update your CocoaPods installation.\" >&2\n    exit 1\nfi\n# This output is used by Xcode 'outputs' to avoid re-running this script phase.\necho \"SUCCESS\" > \"${SCRIPT_OUTPUT_FILE_0}\"\n";
			showEnvVarsInLog = 0;
		};
		E2AAEDED2B5164E5F9C26847 /* [CP] Check Pods Manifest.lock */ = {
			isa = PBXShellScriptBuildPhase;
			buildActionMask = 2147483647;
			files = (
			);
			inputFileListPaths = (
			);
			inputPaths = (
				"${PODS_PODFILE_DIR_PATH}/Podfile.lock",
				"${PODS_ROOT}/Manifest.lock",
			);
			name = "[CP] Check Pods Manifest.lock";
			outputFileListPaths = (
			);
			outputPaths = (
				"$(DERIVED_FILE_DIR)/Pods-matchnessUITests-checkManifestLockResult.txt",
			);
			runOnlyForDeploymentPostprocessing = 0;
			shellPath = /bin/sh;
			shellScript = "diff \"${PODS_PODFILE_DIR_PATH}/Podfile.lock\" \"${PODS_ROOT}/Manifest.lock\" > /dev/null\nif [ $? != 0 ] ; then\n    # print error to STDERR\n    echo \"error: The sandbox is not in sync with the Podfile.lock. Run 'pod install' or update your CocoaPods installation.\" >&2\n    exit 1\nfi\n# This output is used by Xcode 'outputs' to avoid re-running this script phase.\necho \"SUCCESS\" > \"${SCRIPT_OUTPUT_FILE_0}\"\n";
			showEnvVarsInLog = 0;
		};
		E49D3BCA373BA0B66DD33A12 /* [CP] Embed Pods Frameworks */ = {
			isa = PBXShellScriptBuildPhase;
			buildActionMask = 2147483647;
			files = (
			);
			inputFileListPaths = (
				"${PODS_ROOT}/Target Support Files/Pods-matchness/Pods-matchness-frameworks-${CONFIGURATION}-input-files.xcfilelist",
			);
			name = "[CP] Embed Pods Frameworks";
			outputFileListPaths = (
				"${PODS_ROOT}/Target Support Files/Pods-matchness/Pods-matchness-frameworks-${CONFIGURATION}-output-files.xcfilelist",
			);
			runOnlyForDeploymentPostprocessing = 0;
			shellPath = /bin/sh;
			shellScript = "\"${PODS_ROOT}/Target Support Files/Pods-matchness/Pods-matchness-frameworks.sh\"\n";
			showEnvVarsInLog = 0;
		};
		ED9F31401CC99B70C239FF41 /* [CP] Check Pods Manifest.lock */ = {
			isa = PBXShellScriptBuildPhase;
			buildActionMask = 2147483647;
			files = (
			);
			inputFileListPaths = (
			);
			inputPaths = (
				"${PODS_PODFILE_DIR_PATH}/Podfile.lock",
				"${PODS_ROOT}/Manifest.lock",
			);
			name = "[CP] Check Pods Manifest.lock";
			outputFileListPaths = (
			);
			outputPaths = (
				"$(DERIVED_FILE_DIR)/Pods-matchness-checkManifestLockResult.txt",
			);
			runOnlyForDeploymentPostprocessing = 0;
			shellPath = /bin/sh;
			shellScript = "diff \"${PODS_PODFILE_DIR_PATH}/Podfile.lock\" \"${PODS_ROOT}/Manifest.lock\" > /dev/null\nif [ $? != 0 ] ; then\n    # print error to STDERR\n    echo \"error: The sandbox is not in sync with the Podfile.lock. Run 'pod install' or update your CocoaPods installation.\" >&2\n    exit 1\nfi\n# This output is used by Xcode 'outputs' to avoid re-running this script phase.\necho \"SUCCESS\" > \"${SCRIPT_OUTPUT_FILE_0}\"\n";
			showEnvVarsInLog = 0;
		};
/* End PBXShellScriptBuildPhase section */

/* Begin PBXSourcesBuildPhase section */
		CE4B097D220942DE00F8A430 /* Sources */ = {
			isa = PBXSourcesBuildPhase;
			buildActionMask = 2147483647;
			files = (
				848A3322231A8B9D00144950 /* SettingEditTableViewCell.swift in Sources */,
				CE0F9EEF22DE34D500D320F5 /* MultipleTableViewCell.swift in Sources */,
				B40A3404232A5AD700583CCC /* ApiUserDetailDate.swift in Sources */,
				848A32CF230D73D600144950 /* GroupModel.swift in Sources */,
				CE05740F22A3AD9F0082182F /* GroupViewController.swift in Sources */,
				CE05743622AB6F7E0082182F /* UserDetailTableViewCell.swift in Sources */,
				B40A340D232A5AD700583CCC /* ApiRequestCondition.swift in Sources */,
				CEAF954A22BDEB7400F37A6E /* GroupEventCollectionViewCell.swift in Sources */,
				847398AA2346764F00D28135 /* GradationView.swift in Sources */,
				848A33192319F91000144950 /* PointChangeModel.swift in Sources */,
				B40A340B232A5AD700583CCC /* ApiProfileData.swift in Sources */,
				B4D1ECF52330EB07008760A2 /* NoticeDitailModel.swift in Sources */,
				CE05742422A6CF3E0082182F /* UserSearchCollectionViewCell.swift in Sources */,
				CE4B09C12209D2EA00F8A430 /* UserDetailViewController.swift in Sources */,
				8456F7112354301A00819DC0 /* GroupChatTableViewCell.swift in Sources */,
				848A333823216B1200144950 /* PreferredGroupListModel.swift in Sources */,
				CE0F9EEC22DE348900D320F5 /* MultipleViewController.swift in Sources */,
				CE05741D22A439330082182F /* JoinGroupViewController.swift in Sources */,
				84C79C61236AB9B5000B6648 /* ReportTextTableViewCellTableViewCell.swift in Sources */,
				842515EE2360AC6900BB6888 /* StripeKeyProvider.swift in Sources */,
				8405839122F4097D00FAB292 /* RegistCompViewController.swift in Sources */,
				845956AB22FC71F300B79278 /* ProfileEditTableViewCell.swift in Sources */,
				84C79C52236AB2F8000B6648 /* PaymentViewController.swift in Sources */,
				848A32CD230AF96700144950 /* UserDetailInfoTableViewCell.swift in Sources */,
				848A333B2325E86A00144950 /* MessageModel.swift in Sources */,
				B40A3408232A5AD700583CCC /* ApiChangePoint.swift in Sources */,
				B45677122330DC6300E0E9B7 /* NoticeViewController.swift in Sources */,
				B40A33FF232A5AD700583CCC /* ApiGroupList.swift in Sources */,
				848A332C231BA37600144950 /* TextFiledTableViewCell.swift in Sources */,
				84C79C5F236AB9B5000B6648 /* ReportTextTableViewCell.swift in Sources */,
				CE05741522A3BA960082182F /* CahtFirstViewController.swift in Sources */,
				8456F70A23530CEF00819DC0 /* ApiMessage.swift in Sources */,
				843F203E22F6F85C008CBDDA /* UserDetailModel.swift in Sources */,
				8456F70C2353310B00819DC0 /* ApiUserInfo.swift in Sources */,
				CE05743322AB547C0082182F /* CustomNavigationBar.swift in Sources */,
				847398A5234224EC00D28135 /* ProfilImageTableViewCell.swift in Sources */,
				B49CCD9522D592AD00F793F1 /* UserSearchModel.swift in Sources */,
				8409E60223377CE8009BA908 /* TextAreaTableViewCell.swift in Sources */,
				8432F2B922F16AF200A60EC5 /* FBLoginViewController.swift in Sources */,
				CE4B09BF2209D2A000F8A430 /* MyDataViewController.swift in Sources */,
				B40A3405232A5AD700583CCC /* ApiUserDateParam.swift in Sources */,
				8432F2BB22F16B1100A60EC5 /* ProfileAddViewController.swift in Sources */,
				CE05742122A5E9350082182F /* ChatViewController.swift in Sources */,
				CE1D51F922D015D10093DC58 /* MessageViewController.swift in Sources */,
				840FB6F123310C0D00F6F55F /* CahtRoomModel.swift in Sources */,
				848A3315231504E200144950 /* GroupEventAddModel.swift in Sources */,
				848A333C2325E86A00144950 /* CahtFirstModel.swift in Sources */,
				B45677172330DC9D00E0E9B7 /* GroupChatViewController.swift in Sources */,
				B4D1ECF62330EB07008760A2 /* NoticeDitailViewController.swift in Sources */,
				CE05741F22A439420082182F /* WaitGroupViewController.swift in Sources */,
				849E34BB2355A39A0062E928 /* ApiGroupEvent.swift in Sources */,
				848A32C5230AA57900144950 /* MultipleModel.swift in Sources */,
				B40A340A232A5AD700583CCC /* ApiNoticeList.swift in Sources */,
				B40A3402232A5AD700583CCC /* ApiGroupRequestList.swift in Sources */,
				B40A33FE232A5AD700583CCC /* ApiConfig.swift in Sources */,
				8432F2B222F0A2ED00A60EC5 /* SplashViewController.swift in Sources */,
				848A33172319F81E00144950 /* MyDateStepModel.swift in Sources */,
				B495CBFF23339BCF006A029C /* NotDataTableViewCell.swift in Sources */,
				B40A3410232A5AD700583CCC /* ApiMyData.swift in Sources */,
				84C79C62236AB9B5000B6648 /* ReportViewController.swift in Sources */,
				B40A3401232A5AD700583CCC /* ApiMessageList.swift in Sources */,
				B40A340C232A5AD700583CCC /* ApiGroupChat.swift in Sources */,
				848A32D7230DA7A300144950 /* MyDataModel.swift in Sources */,
				B40A3403232A5AD700583CCC /* ApiMultipleUser.swift in Sources */,
				B40A340E232A5AD700583CCC /* ApiMatcheList.swift in Sources */,
				84C79C60236AB9B5000B6648 /* ButtonTableViewCell.swift in Sources */,
				CE05741722A3BB030082182F /* CahtSecondViewController.swift in Sources */,
				CE0F9EF622E590BF00D320F5 /* PreferredGroupListViewController.swift in Sources */,
				B40A3409232A5AD700583CCC /* ApiGroupEventList.swift in Sources */,
				CE4B0987220942DE00F8A430 /* ViewController.swift in Sources */,
				B40A3400232A5AD700583CCC /* ApiRequest.swift in Sources */,
				B45677162330DC9D00E0E9B7 /* GroupChatModel.swift in Sources */,
				B40A340F232A5AD700583CCC /* ApiUserDate.swift in Sources */,
				CE0F9EF422E0529F00D320F5 /* PointChangeViewController.swift in Sources */,
				B45677112330DC6300E0E9B7 /* NoticeModel.swift in Sources */,
				8409E5FF233779B4009BA908 /* ApiPointHistory.swift in Sources */,
				84C79C5E236AB9B5000B6648 /* ReportModel.swift in Sources */,
				848A3330231BCA4000144950 /* TodayStep.swift in Sources */,
				849E34BD23593C900062E928 /* SearchTableViewController.swift in Sources */,
				CE05742822A8EB0C0082182F /* GroupTableViewCell.swift in Sources */,
				8409E5FB23377623009BA908 /* PointHistoryViewController.swift in Sources */,
				848A3325231A8B9D00144950 /* SettingEditViewController.swift in Sources */,
				848A3332231D542300144950 /* GroupEventModel.swift in Sources */,
				B40A3406232A5AD700583CCC /* ApiChatRoom.swift in Sources */,
				CE05741B22A4391F0082182F /* EndGroupViewController.swift in Sources */,
				848A3324231A8B9D00144950 /* SettingEditModel.swift in Sources */,
				CE4B09B72209499A00F8A430 /* UserSearchViewController.swift in Sources */,
				CE0F9EF222DEFAD000D320F5 /* GroupEventAddViewController.swift in Sources */,
				CE05741122A3ADF50082182F /* PageViewController.swift in Sources */,
				845956A822FBF75000B79278 /* ProfileEditViewController.swift in Sources */,
				CE05743022AA3A3A0082182F /* ChatTableViewCell.swift in Sources */,
				CE1D51F722D0158B0093DC58 /* testViewController.swift in Sources */,
				CE1D51E622C4990A0093DC58 /* MyDateStepViewController.swift in Sources */,
				B40A3407232A5AD700583CCC /* ApiUserSearchData.swift in Sources */,
				843F204222F8043F008CBDDA /* ProfileAddModel.swift in Sources */,
				CEAF954D22BDF33600F37A6E /* GroupEventViewController.swift in Sources */,
				CE4B0985220942DE00F8A430 /* AppDelegate.swift in Sources */,
				845956AE2303E52800B79278 /* ProfileEditModel.swift in Sources */,
				8409E5FD233778CE009BA908 /* PointHistoryModel.swift in Sources */,
			);
			runOnlyForDeploymentPostprocessing = 0;
		};
		CE4B0991220942E100F8A430 /* Sources */ = {
			isa = PBXSourcesBuildPhase;
			buildActionMask = 2147483647;
			files = (
				CE4B099A220942E100F8A430 /* matchnessTests.swift in Sources */,
			);
			runOnlyForDeploymentPostprocessing = 0;
		};
		CE4B099C220942E100F8A430 /* Sources */ = {
			isa = PBXSourcesBuildPhase;
			buildActionMask = 2147483647;
			files = (
				CE4B09A5220942E100F8A430 /* matchnessUITests.swift in Sources */,
			);
			runOnlyForDeploymentPostprocessing = 0;
		};
/* End PBXSourcesBuildPhase section */

/* Begin PBXTargetDependency section */
		CE4B0997220942E100F8A430 /* PBXTargetDependency */ = {
			isa = PBXTargetDependency;
			target = CE4B0980220942DE00F8A430 /* matchness */;
			targetProxy = CE4B0996220942E100F8A430 /* PBXContainerItemProxy */;
		};
		CE4B09A2220942E100F8A430 /* PBXTargetDependency */ = {
			isa = PBXTargetDependency;
			target = CE4B0980220942DE00F8A430 /* matchness */;
			targetProxy = CE4B09A1220942E100F8A430 /* PBXContainerItemProxy */;
		};
/* End PBXTargetDependency section */

/* Begin PBXVariantGroup section */
		CE4B0988220942DE00F8A430 /* Main.storyboard */ = {
			isa = PBXVariantGroup;
			children = (
				CE4B0989220942DE00F8A430 /* Base */,
			);
			name = Main.storyboard;
			sourceTree = "<group>";
		};
		CE4B098D220942E100F8A430 /* LaunchScreen.storyboard */ = {
			isa = PBXVariantGroup;
			children = (
				CE4B098E220942E100F8A430 /* Base */,
			);
			name = LaunchScreen.storyboard;
			sourceTree = "<group>";
		};
/* End PBXVariantGroup section */

/* Begin XCBuildConfiguration section */
		CE4B09A7220942E100F8A430 /* Debug */ = {
			isa = XCBuildConfiguration;
			buildSettings = {
				ALWAYS_SEARCH_USER_PATHS = NO;
				CLANG_ANALYZER_NONNULL = YES;
				CLANG_ANALYZER_NUMBER_OBJECT_CONVERSION = YES_AGGRESSIVE;
				CLANG_CXX_LANGUAGE_STANDARD = "gnu++14";
				CLANG_CXX_LIBRARY = "libc++";
				CLANG_ENABLE_MODULES = YES;
				CLANG_ENABLE_OBJC_ARC = YES;
				CLANG_ENABLE_OBJC_WEAK = YES;
				CLANG_WARN_BLOCK_CAPTURE_AUTORELEASING = YES;
				CLANG_WARN_BOOL_CONVERSION = YES;
				CLANG_WARN_COMMA = YES;
				CLANG_WARN_CONSTANT_CONVERSION = YES;
				CLANG_WARN_DEPRECATED_OBJC_IMPLEMENTATIONS = YES;
				CLANG_WARN_DIRECT_OBJC_ISA_USAGE = YES_ERROR;
				CLANG_WARN_DOCUMENTATION_COMMENTS = YES;
				CLANG_WARN_EMPTY_BODY = YES;
				CLANG_WARN_ENUM_CONVERSION = YES;
				CLANG_WARN_INFINITE_RECURSION = YES;
				CLANG_WARN_INT_CONVERSION = YES;
				CLANG_WARN_NON_LITERAL_NULL_CONVERSION = YES;
				CLANG_WARN_OBJC_IMPLICIT_RETAIN_SELF = YES;
				CLANG_WARN_OBJC_LITERAL_CONVERSION = YES;
				CLANG_WARN_OBJC_ROOT_CLASS = YES_ERROR;
				CLANG_WARN_RANGE_LOOP_ANALYSIS = YES;
				CLANG_WARN_STRICT_PROTOTYPES = YES;
				CLANG_WARN_SUSPICIOUS_MOVE = YES;
				CLANG_WARN_UNGUARDED_AVAILABILITY = YES_AGGRESSIVE;
				CLANG_WARN_UNREACHABLE_CODE = YES;
				CLANG_WARN__DUPLICATE_METHOD_MATCH = YES;
				CODE_SIGN_IDENTITY = "iPhone Developer";
				COPY_PHASE_STRIP = NO;
				DEBUG_INFORMATION_FORMAT = dwarf;
				ENABLE_STRICT_OBJC_MSGSEND = YES;
				ENABLE_TESTABILITY = YES;
				GCC_C_LANGUAGE_STANDARD = gnu11;
				GCC_DYNAMIC_NO_PIC = NO;
				GCC_NO_COMMON_BLOCKS = YES;
				GCC_OPTIMIZATION_LEVEL = 0;
				GCC_PREPROCESSOR_DEFINITIONS = (
					"DEBUG=1",
					"$(inherited)",
				);
				GCC_WARN_64_TO_32_BIT_CONVERSION = YES;
				GCC_WARN_ABOUT_RETURN_TYPE = YES_ERROR;
				GCC_WARN_UNDECLARED_SELECTOR = YES;
				GCC_WARN_UNINITIALIZED_AUTOS = YES_AGGRESSIVE;
				GCC_WARN_UNUSED_FUNCTION = YES;
				GCC_WARN_UNUSED_VARIABLE = YES;
				IPHONEOS_DEPLOYMENT_TARGET = 12.1;
				MTL_ENABLE_DEBUG_INFO = INCLUDE_SOURCE;
				MTL_FAST_MATH = YES;
				ONLY_ACTIVE_ARCH = YES;
				SDKROOT = iphoneos;
				SWIFT_ACTIVE_COMPILATION_CONDITIONS = DEBUG;
				SWIFT_OPTIMIZATION_LEVEL = "-Onone";
			};
			name = Debug;
		};
		CE4B09A8220942E100F8A430 /* Release */ = {
			isa = XCBuildConfiguration;
			buildSettings = {
				ALWAYS_SEARCH_USER_PATHS = NO;
				CLANG_ANALYZER_NONNULL = YES;
				CLANG_ANALYZER_NUMBER_OBJECT_CONVERSION = YES_AGGRESSIVE;
				CLANG_CXX_LANGUAGE_STANDARD = "gnu++14";
				CLANG_CXX_LIBRARY = "libc++";
				CLANG_ENABLE_MODULES = YES;
				CLANG_ENABLE_OBJC_ARC = YES;
				CLANG_ENABLE_OBJC_WEAK = YES;
				CLANG_WARN_BLOCK_CAPTURE_AUTORELEASING = YES;
				CLANG_WARN_BOOL_CONVERSION = YES;
				CLANG_WARN_COMMA = YES;
				CLANG_WARN_CONSTANT_CONVERSION = YES;
				CLANG_WARN_DEPRECATED_OBJC_IMPLEMENTATIONS = YES;
				CLANG_WARN_DIRECT_OBJC_ISA_USAGE = YES_ERROR;
				CLANG_WARN_DOCUMENTATION_COMMENTS = YES;
				CLANG_WARN_EMPTY_BODY = YES;
				CLANG_WARN_ENUM_CONVERSION = YES;
				CLANG_WARN_INFINITE_RECURSION = YES;
				CLANG_WARN_INT_CONVERSION = YES;
				CLANG_WARN_NON_LITERAL_NULL_CONVERSION = YES;
				CLANG_WARN_OBJC_IMPLICIT_RETAIN_SELF = YES;
				CLANG_WARN_OBJC_LITERAL_CONVERSION = YES;
				CLANG_WARN_OBJC_ROOT_CLASS = YES_ERROR;
				CLANG_WARN_RANGE_LOOP_ANALYSIS = YES;
				CLANG_WARN_STRICT_PROTOTYPES = YES;
				CLANG_WARN_SUSPICIOUS_MOVE = YES;
				CLANG_WARN_UNGUARDED_AVAILABILITY = YES_AGGRESSIVE;
				CLANG_WARN_UNREACHABLE_CODE = YES;
				CLANG_WARN__DUPLICATE_METHOD_MATCH = YES;
				CODE_SIGN_IDENTITY = "iPhone Developer";
				COPY_PHASE_STRIP = NO;
				DEBUG_INFORMATION_FORMAT = "dwarf-with-dsym";
				ENABLE_NS_ASSERTIONS = NO;
				ENABLE_STRICT_OBJC_MSGSEND = YES;
				GCC_C_LANGUAGE_STANDARD = gnu11;
				GCC_NO_COMMON_BLOCKS = YES;
				GCC_WARN_64_TO_32_BIT_CONVERSION = YES;
				GCC_WARN_ABOUT_RETURN_TYPE = YES_ERROR;
				GCC_WARN_UNDECLARED_SELECTOR = YES;
				GCC_WARN_UNINITIALIZED_AUTOS = YES_AGGRESSIVE;
				GCC_WARN_UNUSED_FUNCTION = YES;
				GCC_WARN_UNUSED_VARIABLE = YES;
				IPHONEOS_DEPLOYMENT_TARGET = 12.1;
				MTL_ENABLE_DEBUG_INFO = NO;
				MTL_FAST_MATH = YES;
				SDKROOT = iphoneos;
				SWIFT_COMPILATION_MODE = wholemodule;
				SWIFT_OPTIMIZATION_LEVEL = "-O";
				VALIDATE_PRODUCT = YES;
			};
			name = Release;
		};
		CE4B09AA220942E100F8A430 /* Debug */ = {
			isa = XCBuildConfiguration;
			baseConfigurationReference = 5C5B5093E137E02D7BFA9506 /* Pods-matchness.debug.xcconfig */;
			buildSettings = {
				ASSETCATALOG_COMPILER_APPICON_NAME = AppIcon;
				ASSETCATALOG_COMPILER_LAUNCHIMAGE_NAME = LaunchImage;
				CODE_SIGN_ENTITLEMENTS = matchness/matchness.entitlements;
				CODE_SIGN_STYLE = Automatic;
				DEVELOPMENT_TEAM = 5GR4V7373X;
				FRAMEWORK_SEARCH_PATHS = (
					/Users/nakamuraatsushi/Downloads/FacebookSDK,
					"$(inherited)",
					"\"${PODS_CONFIGURATION_BUILD_DIR}/Alamofire\"",
					"\"${PODS_CONFIGURATION_BUILD_DIR}/Charts\"",
					"\"${PODS_CONFIGURATION_BUILD_DIR}/FirebaseCore\"",
					"\"${PODS_CONFIGURATION_BUILD_DIR}/FirebaseDatabase\"",
					"\"${PODS_CONFIGURATION_BUILD_DIR}/FirebaseInstanceID\"",
					"\"${PODS_CONFIGURATION_BUILD_DIR}/FirebaseMessaging\"",
					"\"${PODS_CONFIGURATION_BUILD_DIR}/FirebaseStorage\"",
					"\"${PODS_CONFIGURATION_BUILD_DIR}/FirebaseUI\"",
					"\"${PODS_CONFIGURATION_BUILD_DIR}/GTMSessionFetcher\"",
					"\"${PODS_CONFIGURATION_BUILD_DIR}/GoogleUtilities\"",
					"\"${PODS_CONFIGURATION_BUILD_DIR}/ImageViewer\"",
					"\"${PODS_CONFIGURATION_BUILD_DIR}/JSQMessagesViewController\"",
					"\"${PODS_CONFIGURATION_BUILD_DIR}/JSQSystemSoundPlayer\"",
					"\"${PODS_CONFIGURATION_BUILD_DIR}/MBCircularProgressBar\"",
					"\"${PODS_CONFIGURATION_BUILD_DIR}/PagingMenuController\"",
					"\"${PODS_CONFIGURATION_BUILD_DIR}/Protobuf\"",
					"\"${PODS_CONFIGURATION_BUILD_DIR}/SDWebImage\"",
					"\"${PODS_CONFIGURATION_BUILD_DIR}/SwiftyJSON\"",
					"\"${PODS_CONFIGURATION_BUILD_DIR}/XLPagerTabStrip\"",
					"\"${PODS_CONFIGURATION_BUILD_DIR}/leveldb-library\"",
					"\"${PODS_CONFIGURATION_BUILD_DIR}/nanopb\"",
					"\"${PODS_ROOT}/FirebaseAnalytics/Frameworks\"",
					"\"${PODS_ROOT}/GoogleAppMeasurement/Frameworks\"",
				);
				INFOPLIST_FILE = matchness/Info.plist;
				LD_RUNPATH_SEARCH_PATHS = (
					"$(inherited)",
					"@executable_path/Frameworks",
				);
				PRODUCT_BUNDLE_IDENTIFIER = com.a2c.matchness;
				PRODUCT_NAME = "$(TARGET_NAME)";
				SWIFT_VERSION = 4.2;
				TARGETED_DEVICE_FAMILY = "1,2";
			};
			name = Debug;
		};
		CE4B09AB220942E100F8A430 /* Release */ = {
			isa = XCBuildConfiguration;
			baseConfigurationReference = 17B0CBC822090074B01DDA4F /* Pods-matchness.release.xcconfig */;
			buildSettings = {
				ASSETCATALOG_COMPILER_APPICON_NAME = AppIcon;
				ASSETCATALOG_COMPILER_LAUNCHIMAGE_NAME = LaunchImage;
				CODE_SIGN_ENTITLEMENTS = matchness/matchness.entitlements;
				CODE_SIGN_STYLE = Automatic;
				DEVELOPMENT_TEAM = 5GR4V7373X;
				FRAMEWORK_SEARCH_PATHS = (
					/Users/nakamuraatsushi/Downloads/FacebookSDK,
					"$(inherited)",
					"\"${PODS_CONFIGURATION_BUILD_DIR}/Alamofire\"",
					"\"${PODS_CONFIGURATION_BUILD_DIR}/Charts\"",
					"\"${PODS_CONFIGURATION_BUILD_DIR}/FirebaseCore\"",
					"\"${PODS_CONFIGURATION_BUILD_DIR}/FirebaseDatabase\"",
					"\"${PODS_CONFIGURATION_BUILD_DIR}/FirebaseInstanceID\"",
					"\"${PODS_CONFIGURATION_BUILD_DIR}/FirebaseMessaging\"",
					"\"${PODS_CONFIGURATION_BUILD_DIR}/FirebaseStorage\"",
					"\"${PODS_CONFIGURATION_BUILD_DIR}/FirebaseUI\"",
					"\"${PODS_CONFIGURATION_BUILD_DIR}/GTMSessionFetcher\"",
					"\"${PODS_CONFIGURATION_BUILD_DIR}/GoogleUtilities\"",
					"\"${PODS_CONFIGURATION_BUILD_DIR}/ImageViewer\"",
					"\"${PODS_CONFIGURATION_BUILD_DIR}/JSQMessagesViewController\"",
					"\"${PODS_CONFIGURATION_BUILD_DIR}/JSQSystemSoundPlayer\"",
					"\"${PODS_CONFIGURATION_BUILD_DIR}/MBCircularProgressBar\"",
					"\"${PODS_CONFIGURATION_BUILD_DIR}/PagingMenuController\"",
					"\"${PODS_CONFIGURATION_BUILD_DIR}/Protobuf\"",
					"\"${PODS_CONFIGURATION_BUILD_DIR}/SDWebImage\"",
					"\"${PODS_CONFIGURATION_BUILD_DIR}/SwiftyJSON\"",
					"\"${PODS_CONFIGURATION_BUILD_DIR}/XLPagerTabStrip\"",
					"\"${PODS_CONFIGURATION_BUILD_DIR}/leveldb-library\"",
					"\"${PODS_CONFIGURATION_BUILD_DIR}/nanopb\"",
					"\"${PODS_ROOT}/FirebaseAnalytics/Frameworks\"",
					"\"${PODS_ROOT}/GoogleAppMeasurement/Frameworks\"",
				);
				INFOPLIST_FILE = matchness/Info.plist;
				LD_RUNPATH_SEARCH_PATHS = (
					"$(inherited)",
					"@executable_path/Frameworks",
				);
				PRODUCT_BUNDLE_IDENTIFIER = com.a2c.matchness;
				PRODUCT_NAME = "$(TARGET_NAME)";
				SWIFT_VERSION = 4.2;
				TARGETED_DEVICE_FAMILY = "1,2";
			};
			name = Release;
		};
		CE4B09AD220942E100F8A430 /* Debug */ = {
			isa = XCBuildConfiguration;
			baseConfigurationReference = AD66A8BE7976CA8BC6F822EA /* Pods-matchnessTests.debug.xcconfig */;
			buildSettings = {
				ALWAYS_EMBED_SWIFT_STANDARD_LIBRARIES = YES;
				BUNDLE_LOADER = "$(TEST_HOST)";
				CODE_SIGN_STYLE = Automatic;
				DEVELOPMENT_TEAM = 5GR4V7373X;
				INFOPLIST_FILE = matchnessTests/Info.plist;
				LD_RUNPATH_SEARCH_PATHS = (
					"$(inherited)",
					"@executable_path/Frameworks",
					"@loader_path/Frameworks",
				);
				PRODUCT_BUNDLE_IDENTIFIER = com.a2c.matchnessTests;
				PRODUCT_NAME = "$(TARGET_NAME)";
				SWIFT_VERSION = 4.2;
				TARGETED_DEVICE_FAMILY = "1,2";
				TEST_HOST = "$(BUILT_PRODUCTS_DIR)/matchness.app/matchness";
			};
			name = Debug;
		};
		CE4B09AE220942E100F8A430 /* Release */ = {
			isa = XCBuildConfiguration;
			baseConfigurationReference = C90F43327F8A755420BBB2F9 /* Pods-matchnessTests.release.xcconfig */;
			buildSettings = {
				ALWAYS_EMBED_SWIFT_STANDARD_LIBRARIES = YES;
				BUNDLE_LOADER = "$(TEST_HOST)";
				CODE_SIGN_STYLE = Automatic;
				DEVELOPMENT_TEAM = 5GR4V7373X;
				INFOPLIST_FILE = matchnessTests/Info.plist;
				LD_RUNPATH_SEARCH_PATHS = (
					"$(inherited)",
					"@executable_path/Frameworks",
					"@loader_path/Frameworks",
				);
				PRODUCT_BUNDLE_IDENTIFIER = com.a2c.matchnessTests;
				PRODUCT_NAME = "$(TARGET_NAME)";
				SWIFT_VERSION = 4.2;
				TARGETED_DEVICE_FAMILY = "1,2";
				TEST_HOST = "$(BUILT_PRODUCTS_DIR)/matchness.app/matchness";
			};
			name = Release;
		};
		CE4B09B0220942E100F8A430 /* Debug */ = {
			isa = XCBuildConfiguration;
			baseConfigurationReference = E8B336032F6C38D5318AD586 /* Pods-matchnessUITests.debug.xcconfig */;
			buildSettings = {
				ALWAYS_EMBED_SWIFT_STANDARD_LIBRARIES = YES;
				CODE_SIGN_STYLE = Automatic;
				DEVELOPMENT_TEAM = 5GR4V7373X;
				INFOPLIST_FILE = matchnessUITests/Info.plist;
				LD_RUNPATH_SEARCH_PATHS = (
					"$(inherited)",
					"@executable_path/Frameworks",
					"@loader_path/Frameworks",
				);
				PRODUCT_BUNDLE_IDENTIFIER = com.a2c.matchnessUITests;
				PRODUCT_NAME = "$(TARGET_NAME)";
				SWIFT_VERSION = 4.2;
				TARGETED_DEVICE_FAMILY = "1,2";
				TEST_TARGET_NAME = matchness;
			};
			name = Debug;
		};
		CE4B09B1220942E100F8A430 /* Release */ = {
			isa = XCBuildConfiguration;
			baseConfigurationReference = 620A40633C210A8E30559B8B /* Pods-matchnessUITests.release.xcconfig */;
			buildSettings = {
				ALWAYS_EMBED_SWIFT_STANDARD_LIBRARIES = YES;
				CODE_SIGN_STYLE = Automatic;
				DEVELOPMENT_TEAM = 5GR4V7373X;
				INFOPLIST_FILE = matchnessUITests/Info.plist;
				LD_RUNPATH_SEARCH_PATHS = (
					"$(inherited)",
					"@executable_path/Frameworks",
					"@loader_path/Frameworks",
				);
				PRODUCT_BUNDLE_IDENTIFIER = com.a2c.matchnessUITests;
				PRODUCT_NAME = "$(TARGET_NAME)";
				SWIFT_VERSION = 4.2;
				TARGETED_DEVICE_FAMILY = "1,2";
				TEST_TARGET_NAME = matchness;
			};
			name = Release;
		};
/* End XCBuildConfiguration section */

/* Begin XCConfigurationList section */
		CE4B097C220942DE00F8A430 /* Build configuration list for PBXProject "matchness" */ = {
			isa = XCConfigurationList;
			buildConfigurations = (
				CE4B09A7220942E100F8A430 /* Debug */,
				CE4B09A8220942E100F8A430 /* Release */,
			);
			defaultConfigurationIsVisible = 0;
			defaultConfigurationName = Release;
		};
		CE4B09A9220942E100F8A430 /* Build configuration list for PBXNativeTarget "matchness" */ = {
			isa = XCConfigurationList;
			buildConfigurations = (
				CE4B09AA220942E100F8A430 /* Debug */,
				CE4B09AB220942E100F8A430 /* Release */,
			);
			defaultConfigurationIsVisible = 0;
			defaultConfigurationName = Release;
		};
		CE4B09AC220942E100F8A430 /* Build configuration list for PBXNativeTarget "matchnessTests" */ = {
			isa = XCConfigurationList;
			buildConfigurations = (
				CE4B09AD220942E100F8A430 /* Debug */,
				CE4B09AE220942E100F8A430 /* Release */,
			);
			defaultConfigurationIsVisible = 0;
			defaultConfigurationName = Release;
		};
		CE4B09AF220942E100F8A430 /* Build configuration list for PBXNativeTarget "matchnessUITests" */ = {
			isa = XCConfigurationList;
			buildConfigurations = (
				CE4B09B0220942E100F8A430 /* Debug */,
				CE4B09B1220942E100F8A430 /* Release */,
			);
			defaultConfigurationIsVisible = 0;
			defaultConfigurationName = Release;
		};
/* End XCConfigurationList section */
	};
	rootObject = CE4B0979220942DE00F8A430 /* Project object */;
}
